// !$*UTF8*$!
{
	archiveVersion = 1;
	classes = {
	};
	objectVersion = 56;
	objects = {

/* Begin PBXBuildFile section */
		1E109B9629BDBF5300DC8CEB /* AppDelegate.swift in Sources */ = {isa = PBXBuildFile; fileRef = 1E109B9529BDBF5300DC8CEB /* AppDelegate.swift */; };
		1E109B9F29BDBF5500DC8CEB /* Assets.xcassets in Resources */ = {isa = PBXBuildFile; fileRef = 1E109B9E29BDBF5500DC8CEB /* Assets.xcassets */; };
		1E109BA229BDBF5500DC8CEB /* LaunchScreen.storyboard in Resources */ = {isa = PBXBuildFile; fileRef = 1E109BA029BDBF5500DC8CEB /* LaunchScreen.storyboard */; };
		1E109BCC29BDE15E00DC8CEB /* ModuleProtocols.swift in Sources */ = {isa = PBXBuildFile; fileRef = 1E109BCB29BDE15E00DC8CEB /* ModuleProtocols.swift */; };
		1E109BCE29BDE2F600DC8CEB /* NearbyPlacesModule.swift in Sources */ = {isa = PBXBuildFile; fileRef = 1E109BCD29BDE2F600DC8CEB /* NearbyPlacesModule.swift */; };
		1E109BD029BDE39B00DC8CEB /* NearbyPlacesViewController.swift in Sources */ = {isa = PBXBuildFile; fileRef = 1E109BCF29BDE39B00DC8CEB /* NearbyPlacesViewController.swift */; };
		1E109BD229BE17AC00DC8CEB /* NearbyPlacesRouter.swift in Sources */ = {isa = PBXBuildFile; fileRef = 1E109BD129BE17AC00DC8CEB /* NearbyPlacesRouter.swift */; };
		1E109BD429BE184F00DC8CEB /* NearbyPlacesInteractor.swift in Sources */ = {isa = PBXBuildFile; fileRef = 1E109BD329BE184F00DC8CEB /* NearbyPlacesInteractor.swift */; };
		1E109BD629BE18C400DC8CEB /* NearbyPlacesPresenter.swift in Sources */ = {isa = PBXBuildFile; fileRef = 1E109BD529BE18C400DC8CEB /* NearbyPlacesPresenter.swift */; };
		1E109BD829BE1B1D00DC8CEB /* AppBootstrapRouter.swift in Sources */ = {isa = PBXBuildFile; fileRef = 1E109BD729BE1B1D00DC8CEB /* AppBootstrapRouter.swift */; };
		1E109BDA29BE1DD800DC8CEB /* UIViewConstraintExtension.swift in Sources */ = {isa = PBXBuildFile; fileRef = 1E109BD929BE1DD800DC8CEB /* UIViewConstraintExtension.swift */; };
		1E109BDD29BE254D00DC8CEB /* URLExtension.swift in Sources */ = {isa = PBXBuildFile; fileRef = 1E109BDC29BE254D00DC8CEB /* URLExtension.swift */; };
		1E109BE329BE4C0B00DC8CEB /* APIError.swift in Sources */ = {isa = PBXBuildFile; fileRef = 1E109BE229BE4C0B00DC8CEB /* APIError.swift */; };
		1E109BE529BE4DAE00DC8CEB /* HTTPHeader.swift in Sources */ = {isa = PBXBuildFile; fileRef = 1E109BE429BE4DAE00DC8CEB /* HTTPHeader.swift */; };
		1E109BE729BE4EC700DC8CEB /* Constants.swift in Sources */ = {isa = PBXBuildFile; fileRef = 1E109BE629BE4EC700DC8CEB /* Constants.swift */; };
		1E109BE929BE4F5400DC8CEB /* HTTPHeaderProvider.swift in Sources */ = {isa = PBXBuildFile; fileRef = 1E109BE829BE4F5400DC8CEB /* HTTPHeaderProvider.swift */; };
		1E109BED29BE511300DC8CEB /* NetworkRequestComponents.swift in Sources */ = {isa = PBXBuildFile; fileRef = 1E109BEC29BE511300DC8CEB /* NetworkRequestComponents.swift */; };
		1E109BEF29BE537200DC8CEB /* URLRequestConvertible.swift in Sources */ = {isa = PBXBuildFile; fileRef = 1E109BEE29BE537200DC8CEB /* URLRequestConvertible.swift */; };
		1E109BF129BE541D00DC8CEB /* URLConvertible.swift in Sources */ = {isa = PBXBuildFile; fileRef = 1E109BF029BE541D00DC8CEB /* URLConvertible.swift */; };
		1E109BF329BE551200DC8CEB /* NetworkRequestPerformer.swift in Sources */ = {isa = PBXBuildFile; fileRef = 1E109BF229BE551200DC8CEB /* NetworkRequestPerformer.swift */; };
		1E109BF529BE553400DC8CEB /* ResponseMapper.swift in Sources */ = {isa = PBXBuildFile; fileRef = 1E109BF429BE553400DC8CEB /* ResponseMapper.swift */; };
		1E109BF729BE554D00DC8CEB /* NetworkResponseParser.swift in Sources */ = {isa = PBXBuildFile; fileRef = 1E109BF629BE554D00DC8CEB /* NetworkResponseParser.swift */; };
		1E109BF929BE555F00DC8CEB /* NetworkResponseValidator.swift in Sources */ = {isa = PBXBuildFile; fileRef = 1E109BF829BE555F00DC8CEB /* NetworkResponseValidator.swift */; };
		1E109BFB29BE568800DC8CEB /* JSONDecoderExtension.swift in Sources */ = {isa = PBXBuildFile; fileRef = 1E109BFA29BE568800DC8CEB /* JSONDecoderExtension.swift */; };
		1E109BFD29BE571300DC8CEB /* RestClient.swift in Sources */ = {isa = PBXBuildFile; fileRef = 1E109BFC29BE571300DC8CEB /* RestClient.swift */; };
		1E109BFF29BE58AC00DC8CEB /* NearbyPlacesQueryParamsProvider.swift in Sources */ = {isa = PBXBuildFile; fileRef = 1E109BFE29BE58AC00DC8CEB /* NearbyPlacesQueryParamsProvider.swift */; };
		1E109C0129BE59A700DC8CEB /* NearbyPlacesNetworkRequestComponents.swift in Sources */ = {isa = PBXBuildFile; fileRef = 1E109C0029BE59A700DC8CEB /* NearbyPlacesNetworkRequestComponents.swift */; };
		1E109C0329BE5A6F00DC8CEB /* CodableExtension.swift in Sources */ = {isa = PBXBuildFile; fileRef = 1E109C0229BE5A6F00DC8CEB /* CodableExtension.swift */; };
		1E109C0529BE5A8800DC8CEB /* DataExtension.swift in Sources */ = {isa = PBXBuildFile; fileRef = 1E109C0429BE5A8800DC8CEB /* DataExtension.swift */; };
		1E109C0729BE5B0600DC8CEB /* NearbyPlacesAPIService.swift in Sources */ = {isa = PBXBuildFile; fileRef = 1E109C0629BE5B0600DC8CEB /* NearbyPlacesAPIService.swift */; };
		1E109C0A29BE5E0100DC8CEB /* Business.swift in Sources */ = {isa = PBXBuildFile; fileRef = 1E109C0929BE5E0100DC8CEB /* Business.swift */; };
/* End PBXBuildFile section */

/* Begin PBXFileReference section */
		1E109B9229BDBF5300DC8CEB /* NearBy.app */ = {isa = PBXFileReference; explicitFileType = wrapper.application; includeInIndex = 0; path = NearBy.app; sourceTree = BUILT_PRODUCTS_DIR; };
		1E109B9529BDBF5300DC8CEB /* AppDelegate.swift */ = {isa = PBXFileReference; lastKnownFileType = sourcecode.swift; path = AppDelegate.swift; sourceTree = "<group>"; };
		1E109B9E29BDBF5500DC8CEB /* Assets.xcassets */ = {isa = PBXFileReference; lastKnownFileType = folder.assetcatalog; path = Assets.xcassets; sourceTree = "<group>"; };
		1E109BA129BDBF5500DC8CEB /* Base */ = {isa = PBXFileReference; lastKnownFileType = file.storyboard; name = Base; path = Base.lproj/LaunchScreen.storyboard; sourceTree = "<group>"; };
		1E109BA329BDBF5500DC8CEB /* Info.plist */ = {isa = PBXFileReference; lastKnownFileType = text.plist.xml; path = Info.plist; sourceTree = "<group>"; };
		1E109BCB29BDE15E00DC8CEB /* ModuleProtocols.swift */ = {isa = PBXFileReference; lastKnownFileType = sourcecode.swift; path = ModuleProtocols.swift; sourceTree = "<group>"; };
		1E109BCD29BDE2F600DC8CEB /* NearbyPlacesModule.swift */ = {isa = PBXFileReference; lastKnownFileType = sourcecode.swift; path = NearbyPlacesModule.swift; sourceTree = "<group>"; };
		1E109BCF29BDE39B00DC8CEB /* NearbyPlacesViewController.swift */ = {isa = PBXFileReference; lastKnownFileType = sourcecode.swift; path = NearbyPlacesViewController.swift; sourceTree = "<group>"; };
		1E109BD129BE17AC00DC8CEB /* NearbyPlacesRouter.swift */ = {isa = PBXFileReference; lastKnownFileType = sourcecode.swift; path = NearbyPlacesRouter.swift; sourceTree = "<group>"; };
		1E109BD329BE184F00DC8CEB /* NearbyPlacesInteractor.swift */ = {isa = PBXFileReference; lastKnownFileType = sourcecode.swift; path = NearbyPlacesInteractor.swift; sourceTree = "<group>"; };
		1E109BD529BE18C400DC8CEB /* NearbyPlacesPresenter.swift */ = {isa = PBXFileReference; lastKnownFileType = sourcecode.swift; path = NearbyPlacesPresenter.swift; sourceTree = "<group>"; };
		1E109BD729BE1B1D00DC8CEB /* AppBootstrapRouter.swift */ = {isa = PBXFileReference; lastKnownFileType = sourcecode.swift; path = AppBootstrapRouter.swift; sourceTree = "<group>"; };
		1E109BD929BE1DD800DC8CEB /* UIViewConstraintExtension.swift */ = {isa = PBXFileReference; lastKnownFileType = sourcecode.swift; path = UIViewConstraintExtension.swift; sourceTree = "<group>"; };
		1E109BDC29BE254D00DC8CEB /* URLExtension.swift */ = {isa = PBXFileReference; lastKnownFileType = sourcecode.swift; path = URLExtension.swift; sourceTree = "<group>"; };
		1E109BE229BE4C0B00DC8CEB /* APIError.swift */ = {isa = PBXFileReference; lastKnownFileType = sourcecode.swift; path = APIError.swift; sourceTree = "<group>"; };
		1E109BE429BE4DAE00DC8CEB /* HTTPHeader.swift */ = {isa = PBXFileReference; lastKnownFileType = sourcecode.swift; path = HTTPHeader.swift; sourceTree = "<group>"; };
		1E109BE629BE4EC700DC8CEB /* Constants.swift */ = {isa = PBXFileReference; lastKnownFileType = sourcecode.swift; path = Constants.swift; sourceTree = "<group>"; };
		1E109BE829BE4F5400DC8CEB /* HTTPHeaderProvider.swift */ = {isa = PBXFileReference; lastKnownFileType = sourcecode.swift; path = HTTPHeaderProvider.swift; sourceTree = "<group>"; };
		1E109BEC29BE511300DC8CEB /* NetworkRequestComponents.swift */ = {isa = PBXFileReference; lastKnownFileType = sourcecode.swift; path = NetworkRequestComponents.swift; sourceTree = "<group>"; };
		1E109BEE29BE537200DC8CEB /* URLRequestConvertible.swift */ = {isa = PBXFileReference; lastKnownFileType = sourcecode.swift; path = URLRequestConvertible.swift; sourceTree = "<group>"; };
		1E109BF029BE541D00DC8CEB /* URLConvertible.swift */ = {isa = PBXFileReference; lastKnownFileType = sourcecode.swift; path = URLConvertible.swift; sourceTree = "<group>"; };
		1E109BF229BE551200DC8CEB /* NetworkRequestPerformer.swift */ = {isa = PBXFileReference; lastKnownFileType = sourcecode.swift; path = NetworkRequestPerformer.swift; sourceTree = "<group>"; };
		1E109BF429BE553400DC8CEB /* ResponseMapper.swift */ = {isa = PBXFileReference; lastKnownFileType = sourcecode.swift; path = ResponseMapper.swift; sourceTree = "<group>"; };
		1E109BF629BE554D00DC8CEB /* NetworkResponseParser.swift */ = {isa = PBXFileReference; lastKnownFileType = sourcecode.swift; path = NetworkResponseParser.swift; sourceTree = "<group>"; };
		1E109BF829BE555F00DC8CEB /* NetworkResponseValidator.swift */ = {isa = PBXFileReference; lastKnownFileType = sourcecode.swift; path = NetworkResponseValidator.swift; sourceTree = "<group>"; };
		1E109BFA29BE568800DC8CEB /* JSONDecoderExtension.swift */ = {isa = PBXFileReference; lastKnownFileType = sourcecode.swift; path = JSONDecoderExtension.swift; sourceTree = "<group>"; };
		1E109BFC29BE571300DC8CEB /* RestClient.swift */ = {isa = PBXFileReference; lastKnownFileType = sourcecode.swift; path = RestClient.swift; sourceTree = "<group>"; };
		1E109BFE29BE58AC00DC8CEB /* NearbyPlacesQueryParamsProvider.swift */ = {isa = PBXFileReference; lastKnownFileType = sourcecode.swift; path = NearbyPlacesQueryParamsProvider.swift; sourceTree = "<group>"; };
		1E109C0029BE59A700DC8CEB /* NearbyPlacesNetworkRequestComponents.swift */ = {isa = PBXFileReference; lastKnownFileType = sourcecode.swift; path = NearbyPlacesNetworkRequestComponents.swift; sourceTree = "<group>"; };
		1E109C0229BE5A6F00DC8CEB /* CodableExtension.swift */ = {isa = PBXFileReference; lastKnownFileType = sourcecode.swift; path = CodableExtension.swift; sourceTree = "<group>"; };
		1E109C0429BE5A8800DC8CEB /* DataExtension.swift */ = {isa = PBXFileReference; lastKnownFileType = sourcecode.swift; path = DataExtension.swift; sourceTree = "<group>"; };
		1E109C0629BE5B0600DC8CEB /* NearbyPlacesAPIService.swift */ = {isa = PBXFileReference; lastKnownFileType = sourcecode.swift; path = NearbyPlacesAPIService.swift; sourceTree = "<group>"; };
		1E109C0929BE5E0100DC8CEB /* Business.swift */ = {isa = PBXFileReference; lastKnownFileType = sourcecode.swift; path = Business.swift; sourceTree = "<group>"; };
/* End PBXFileReference section */

/* Begin PBXFrameworksBuildPhase section */
		1E109B8F29BDBF5300DC8CEB /* Frameworks */ = {
			isa = PBXFrameworksBuildPhase;
			buildActionMask = 2147483647;
			files = (
			);
			runOnlyForDeploymentPostprocessing = 0;
		};
/* End PBXFrameworksBuildPhase section */

/* Begin PBXGroup section */
		1E109B8929BDBF5300DC8CEB = {
			isa = PBXGroup;
			children = (
				1E109B9429BDBF5300DC8CEB /* NearBy */,
				1E109B9329BDBF5300DC8CEB /* Products */,
			);
			sourceTree = "<group>";
		};
		1E109B9329BDBF5300DC8CEB /* Products */ = {
			isa = PBXGroup;
			children = (
				1E109B9229BDBF5300DC8CEB /* NearBy.app */,
			);
			name = Products;
			sourceTree = "<group>";
		};
		1E109B9429BDBF5300DC8CEB /* NearBy */ = {
			isa = PBXGroup;
			children = (
				1E109BA929BDC5D100DC8CEB /* ApplicationStartup */,
				1E109BAB29BDDA2200DC8CEB /* ApplicationNavigation */,
				1E109BAD29BDDA3A00DC8CEB /* Utils */,
				1E109BB829BDDB6700DC8CEB /* Common */,
				1E109BAC29BDDA3000DC8CEB /* Networking */,
				1E109BAE29BDDA4000DC8CEB /* Modules */,
				1E109BAA29BDC5F700DC8CEB /* SupportFiles */,
			);
			path = NearBy;
			sourceTree = "<group>";
		};
		1E109BA929BDC5D100DC8CEB /* ApplicationStartup */ = {
			isa = PBXGroup;
			children = (
				1E109B9529BDBF5300DC8CEB /* AppDelegate.swift */,
			);
			path = ApplicationStartup;
			sourceTree = "<group>";
		};
		1E109BAA29BDC5F700DC8CEB /* SupportFiles */ = {
			isa = PBXGroup;
			children = (
				1E109B9E29BDBF5500DC8CEB /* Assets.xcassets */,
				1E109BA029BDBF5500DC8CEB /* LaunchScreen.storyboard */,
				1E109BA329BDBF5500DC8CEB /* Info.plist */,
			);
			path = SupportFiles;
			sourceTree = "<group>";
		};
		1E109BAB29BDDA2200DC8CEB /* ApplicationNavigation */ = {
			isa = PBXGroup;
			children = (
				1E109BD729BE1B1D00DC8CEB /* AppBootstrapRouter.swift */,
			);
			path = ApplicationNavigation;
			sourceTree = "<group>";
		};
		1E109BAC29BDDA3000DC8CEB /* Networking */ = {
			isa = PBXGroup;
			children = (
				1E109BC329BDDD3000DC8CEB /* RequestData */,
				1E109BC029BDDC5300DC8CEB /* RequestPerformers */,
				1E109BC129BDDC5800DC8CEB /* ResponseHandlers */,
				1E109BC229BDDC5E00DC8CEB /* Errors */,
			);
			path = Networking;
			sourceTree = "<group>";
		};
		1E109BAD29BDDA3A00DC8CEB /* Utils */ = {
			isa = PBXGroup;
			children = (
				1E109BC829BDDE5200DC8CEB /* ImageStore */,
				1E109BC629BDDE3200DC8CEB /* ViewReusability */,
				1E109BC729BDDE3F00DC8CEB /* Extensions */,
				1E109BE629BE4EC700DC8CEB /* Constants.swift */,
			);
			path = Utils;
			sourceTree = "<group>";
		};
		1E109BAE29BDDA4000DC8CEB /* Modules */ = {
			isa = PBXGroup;
			children = (
				1E109BAF29BDDA4F00DC8CEB /* NearbyPlaces */,
				1E109BB029BDDA5F00DC8CEB /* PlaceDetail */,
			);
			path = Modules;
			sourceTree = "<group>";
		};
		1E109BAF29BDDA4F00DC8CEB /* NearbyPlaces */ = {
			isa = PBXGroup;
			children = (
				1E109BBF29BDDC3300DC8CEB /* Entity */,
				1E109BBD29BDDC2300DC8CEB /* Interactor */,
				1E109BBC29BDDC1C00DC8CEB /* Presenter */,
				1E109BBB29BDDC1400DC8CEB /* Router */,
				1E109BBA29BDDC0E00DC8CEB /* View */,
				1E109BB929BDDBFB00DC8CEB /* ModuleBuilder */,
			);
			path = NearbyPlaces;
			sourceTree = "<group>";
		};
		1E109BB029BDDA5F00DC8CEB /* PlaceDetail */ = {
			isa = PBXGroup;
			children = (
				1E109BB429BDDACB00DC8CEB /* Entity */,
				1E109BB329BDDAC300DC8CEB /* Interactor */,
				1E109BB229BDDAB900DC8CEB /* Presenter */,
				1E109BB529BDDAE400DC8CEB /* Router */,
				1E109BB129BDDAA800DC8CEB /* View */,
				1E109BB629BDDAFA00DC8CEB /* ModuleBuilder */,
			);
			path = PlaceDetail;
			sourceTree = "<group>";
		};
		1E109BB129BDDAA800DC8CEB /* View */ = {
			isa = PBXGroup;
			children = (
			);
			path = View;
			sourceTree = "<group>";
		};
		1E109BB229BDDAB900DC8CEB /* Presenter */ = {
			isa = PBXGroup;
			children = (
			);
			path = Presenter;
			sourceTree = "<group>";
		};
		1E109BB329BDDAC300DC8CEB /* Interactor */ = {
			isa = PBXGroup;
			children = (
				1E109BB729BDDB0D00DC8CEB /* Service */,
			);
			path = Interactor;
			sourceTree = "<group>";
		};
		1E109BB429BDDACB00DC8CEB /* Entity */ = {
			isa = PBXGroup;
			children = (
			);
			path = Entity;
			sourceTree = "<group>";
		};
		1E109BB529BDDAE400DC8CEB /* Router */ = {
			isa = PBXGroup;
			children = (
			);
			path = Router;
			sourceTree = "<group>";
		};
		1E109BB629BDDAFA00DC8CEB /* ModuleBuilder */ = {
			isa = PBXGroup;
			children = (
			);
			path = ModuleBuilder;
			sourceTree = "<group>";
		};
		1E109BB729BDDB0D00DC8CEB /* Service */ = {
			isa = PBXGroup;
			children = (
			);
			path = Service;
			sourceTree = "<group>";
		};
		1E109BB829BDDB6700DC8CEB /* Common */ = {
			isa = PBXGroup;
			children = (
				1E109C0829BE5DF000DC8CEB /* Models */,
			);
			path = Common;
			sourceTree = "<group>";
		};
		1E109BB929BDDBFB00DC8CEB /* ModuleBuilder */ = {
			isa = PBXGroup;
			children = (
				1E109BCB29BDE15E00DC8CEB /* ModuleProtocols.swift */,
				1E109BCD29BDE2F600DC8CEB /* NearbyPlacesModule.swift */,
			);
			path = ModuleBuilder;
			sourceTree = "<group>";
		};
		1E109BBA29BDDC0E00DC8CEB /* View */ = {
			isa = PBXGroup;
			children = (
				1E109BCF29BDE39B00DC8CEB /* NearbyPlacesViewController.swift */,
			);
			path = View;
			sourceTree = "<group>";
		};
		1E109BBB29BDDC1400DC8CEB /* Router */ = {
			isa = PBXGroup;
			children = (
				1E109BD129BE17AC00DC8CEB /* NearbyPlacesRouter.swift */,
			);
			path = Router;
			sourceTree = "<group>";
		};
		1E109BBC29BDDC1C00DC8CEB /* Presenter */ = {
			isa = PBXGroup;
			children = (
				1E109BD529BE18C400DC8CEB /* NearbyPlacesPresenter.swift */,
			);
			path = Presenter;
			sourceTree = "<group>";
		};
		1E109BBD29BDDC2300DC8CEB /* Interactor */ = {
			isa = PBXGroup;
			children = (
				1E109BBE29BDDC2A00DC8CEB /* Service */,
				1E109BD329BE184F00DC8CEB /* NearbyPlacesInteractor.swift */,
			);
			path = Interactor;
			sourceTree = "<group>";
		};
		1E109BBE29BDDC2A00DC8CEB /* Service */ = {
			isa = PBXGroup;
			children = (
				1E109BFE29BE58AC00DC8CEB /* NearbyPlacesQueryParamsProvider.swift */,
				1E109C0029BE59A700DC8CEB /* NearbyPlacesNetworkRequestComponents.swift */,
				1E109C0629BE5B0600DC8CEB /* NearbyPlacesAPIService.swift */,
			);
			path = Service;
			sourceTree = "<group>";
		};
		1E109BBF29BDDC3300DC8CEB /* Entity */ = {
			isa = PBXGroup;
			children = (
			);
			path = Entity;
			sourceTree = "<group>";
		};
		1E109BC029BDDC5300DC8CEB /* RequestPerformers */ = {
			isa = PBXGroup;
			children = (
				1E109BEE29BE537200DC8CEB /* URLRequestConvertible.swift */,
				1E109BF029BE541D00DC8CEB /* URLConvertible.swift */,
				1E109BF229BE551200DC8CEB /* NetworkRequestPerformer.swift */,
				1E109BFC29BE571300DC8CEB /* RestClient.swift */,
			);
			path = RequestPerformers;
			sourceTree = "<group>";
		};
		1E109BC129BDDC5800DC8CEB /* ResponseHandlers */ = {
			isa = PBXGroup;
			children = (
				1E109BF429BE553400DC8CEB /* ResponseMapper.swift */,
				1E109BF629BE554D00DC8CEB /* NetworkResponseParser.swift */,
				1E109BF829BE555F00DC8CEB /* NetworkResponseValidator.swift */,
			);
			path = ResponseHandlers;
			sourceTree = "<group>";
		};
		1E109BC229BDDC5E00DC8CEB /* Errors */ = {
			isa = PBXGroup;
			children = (
				1E109BE229BE4C0B00DC8CEB /* APIError.swift */,
			);
			path = Errors;
			sourceTree = "<group>";
		};
		1E109BC329BDDD3000DC8CEB /* RequestData */ = {
			isa = PBXGroup;
			children = (
				1E109BC429BDDD9600DC8CEB /* Headers */,
				1E109BEC29BE511300DC8CEB /* NetworkRequestComponents.swift */,
			);
			path = RequestData;
			sourceTree = "<group>";
		};
		1E109BC429BDDD9600DC8CEB /* Headers */ = {
			isa = PBXGroup;
			children = (
				1E109BE429BE4DAE00DC8CEB /* HTTPHeader.swift */,
				1E109BE829BE4F5400DC8CEB /* HTTPHeaderProvider.swift */,
			);
			path = Headers;
			sourceTree = "<group>";
		};
		1E109BC629BDDE3200DC8CEB /* ViewReusability */ = {
			isa = PBXGroup;
			children = (
			);
			path = ViewReusability;
			sourceTree = "<group>";
		};
		1E109BC729BDDE3F00DC8CEB /* Extensions */ = {
			isa = PBXGroup;
			children = (
				1E109BD929BE1DD800DC8CEB /* UIViewConstraintExtension.swift */,
				1E109BDC29BE254D00DC8CEB /* URLExtension.swift */,
				1E109BFA29BE568800DC8CEB /* JSONDecoderExtension.swift */,
				1E109C0229BE5A6F00DC8CEB /* CodableExtension.swift */,
				1E109C0429BE5A8800DC8CEB /* DataExtension.swift */,
			);
			path = Extensions;
			sourceTree = "<group>";
		};
		1E109BC829BDDE5200DC8CEB /* ImageStore */ = {
			isa = PBXGroup;
			children = (
			);
			path = ImageStore;
			sourceTree = "<group>";
		};
		1E109C0829BE5DF000DC8CEB /* Models */ = {
			isa = PBXGroup;
			children = (
				1E109C0929BE5E0100DC8CEB /* Business.swift */,
			);
			path = Models;
			sourceTree = "<group>";
		};
/* End PBXGroup section */

/* Begin PBXNativeTarget section */
		1E109B9129BDBF5300DC8CEB /* NearBy */ = {
			isa = PBXNativeTarget;
			buildConfigurationList = 1E109BA629BDBF5500DC8CEB /* Build configuration list for PBXNativeTarget "NearBy" */;
			buildPhases = (
				1E109B8E29BDBF5300DC8CEB /* Sources */,
				1E109B8F29BDBF5300DC8CEB /* Frameworks */,
				1E109B9029BDBF5300DC8CEB /* Resources */,
			);
			buildRules = (
			);
			dependencies = (
			);
			name = NearBy;
			productName = NearBy;
			productReference = 1E109B9229BDBF5300DC8CEB /* NearBy.app */;
			productType = "com.apple.product-type.application";
		};
/* End PBXNativeTarget section */

/* Begin PBXProject section */
		1E109B8A29BDBF5300DC8CEB /* Project object */ = {
			isa = PBXProject;
			attributes = {
				BuildIndependentTargetsInParallel = 1;
				LastSwiftUpdateCheck = 1420;
				LastUpgradeCheck = 1420;
				TargetAttributes = {
					1E109B9129BDBF5300DC8CEB = {
						CreatedOnToolsVersion = 14.2;
					};
				};
			};
			buildConfigurationList = 1E109B8D29BDBF5300DC8CEB /* Build configuration list for PBXProject "NearBy" */;
			compatibilityVersion = "Xcode 14.0";
			developmentRegion = en;
			hasScannedForEncodings = 0;
			knownRegions = (
				en,
				Base,
			);
			mainGroup = 1E109B8929BDBF5300DC8CEB;
			productRefGroup = 1E109B9329BDBF5300DC8CEB /* Products */;
			projectDirPath = "";
			projectRoot = "";
			targets = (
				1E109B9129BDBF5300DC8CEB /* NearBy */,
			);
		};
/* End PBXProject section */

/* Begin PBXResourcesBuildPhase section */
		1E109B9029BDBF5300DC8CEB /* Resources */ = {
			isa = PBXResourcesBuildPhase;
			buildActionMask = 2147483647;
			files = (
				1E109BA229BDBF5500DC8CEB /* LaunchScreen.storyboard in Resources */,
				1E109B9F29BDBF5500DC8CEB /* Assets.xcassets in Resources */,
			);
			runOnlyForDeploymentPostprocessing = 0;
		};
/* End PBXResourcesBuildPhase section */

/* Begin PBXSourcesBuildPhase section */
		1E109B8E29BDBF5300DC8CEB /* Sources */ = {
			isa = PBXSourcesBuildPhase;
			buildActionMask = 2147483647;
			files = (
				1E109C0329BE5A6F00DC8CEB /* CodableExtension.swift in Sources */,
				1E109BE529BE4DAE00DC8CEB /* HTTPHeader.swift in Sources */,
				1E109BF129BE541D00DC8CEB /* URLConvertible.swift in Sources */,
				1E109C0729BE5B0600DC8CEB /* NearbyPlacesAPIService.swift in Sources */,
				1E109BDA29BE1DD800DC8CEB /* UIViewConstraintExtension.swift in Sources */,
				1E109B9629BDBF5300DC8CEB /* AppDelegate.swift in Sources */,
				1E109BD829BE1B1D00DC8CEB /* AppBootstrapRouter.swift in Sources */,
				1E109BD029BDE39B00DC8CEB /* NearbyPlacesViewController.swift in Sources */,
				1E109C0529BE5A8800DC8CEB /* DataExtension.swift in Sources */,
				1E109BFB29BE568800DC8CEB /* JSONDecoderExtension.swift in Sources */,
				1E109BF329BE551200DC8CEB /* NetworkRequestPerformer.swift in Sources */,
				1E109BE929BE4F5400DC8CEB /* HTTPHeaderProvider.swift in Sources */,
				1E109BD229BE17AC00DC8CEB /* NearbyPlacesRouter.swift in Sources */,
				1E109BE329BE4C0B00DC8CEB /* APIError.swift in Sources */,
				1E109BF529BE553400DC8CEB /* ResponseMapper.swift in Sources */,
				1E109BE729BE4EC700DC8CEB /* Constants.swift in Sources */,
				1E109C0A29BE5E0100DC8CEB /* Business.swift in Sources */,
				1E109BDD29BE254D00DC8CEB /* URLExtension.swift in Sources */,
				1E109BCE29BDE2F600DC8CEB /* NearbyPlacesModule.swift in Sources */,
				1E109BFD29BE571300DC8CEB /* RestClient.swift in Sources */,
				1E109BF729BE554D00DC8CEB /* NetworkResponseParser.swift in Sources */,
				1E109BED29BE511300DC8CEB /* NetworkRequestComponents.swift in Sources */,
				1E109C0129BE59A700DC8CEB /* NearbyPlacesNetworkRequestComponents.swift in Sources */,
				1E109BEF29BE537200DC8CEB /* URLRequestConvertible.swift in Sources */,
				1E109BD429BE184F00DC8CEB /* NearbyPlacesInteractor.swift in Sources */,
				1E109BCC29BDE15E00DC8CEB /* ModuleProtocols.swift in Sources */,
				1E109BF929BE555F00DC8CEB /* NetworkResponseValidator.swift in Sources */,
				1E109BFF29BE58AC00DC8CEB /* NearbyPlacesQueryParamsProvider.swift in Sources */,
				1E109BD629BE18C400DC8CEB /* NearbyPlacesPresenter.swift in Sources */,
			);
			runOnlyForDeploymentPostprocessing = 0;
		};
/* End PBXSourcesBuildPhase section */

/* Begin PBXVariantGroup section */
		1E109BA029BDBF5500DC8CEB /* LaunchScreen.storyboard */ = {
			isa = PBXVariantGroup;
			children = (
				1E109BA129BDBF5500DC8CEB /* Base */,
			);
			name = LaunchScreen.storyboard;
			sourceTree = "<group>";
		};
/* End PBXVariantGroup section */

/* Begin XCBuildConfiguration section */
		1E109BA429BDBF5500DC8CEB /* Debug */ = {
			isa = XCBuildConfiguration;
			buildSettings = {
				ALWAYS_SEARCH_USER_PATHS = NO;
				CLANG_ANALYZER_NONNULL = YES;
				CLANG_ANALYZER_NUMBER_OBJECT_CONVERSION = YES_AGGRESSIVE;
				CLANG_CXX_LANGUAGE_STANDARD = "gnu++20";
				CLANG_ENABLE_MODULES = YES;
				CLANG_ENABLE_OBJC_ARC = YES;
				CLANG_ENABLE_OBJC_WEAK = YES;
				CLANG_WARN_BLOCK_CAPTURE_AUTORELEASING = YES;
				CLANG_WARN_BOOL_CONVERSION = YES;
				CLANG_WARN_COMMA = YES;
				CLANG_WARN_CONSTANT_CONVERSION = YES;
				CLANG_WARN_DEPRECATED_OBJC_IMPLEMENTATIONS = YES;
				CLANG_WARN_DIRECT_OBJC_ISA_USAGE = YES_ERROR;
				CLANG_WARN_DOCUMENTATION_COMMENTS = YES;
				CLANG_WARN_EMPTY_BODY = YES;
				CLANG_WARN_ENUM_CONVERSION = YES;
				CLANG_WARN_INFINITE_RECURSION = YES;
				CLANG_WARN_INT_CONVERSION = YES;
				CLANG_WARN_NON_LITERAL_NULL_CONVERSION = YES;
				CLANG_WARN_OBJC_IMPLICIT_RETAIN_SELF = YES;
				CLANG_WARN_OBJC_LITERAL_CONVERSION = YES;
				CLANG_WARN_OBJC_ROOT_CLASS = YES_ERROR;
				CLANG_WARN_QUOTED_INCLUDE_IN_FRAMEWORK_HEADER = YES;
				CLANG_WARN_RANGE_LOOP_ANALYSIS = YES;
				CLANG_WARN_STRICT_PROTOTYPES = YES;
				CLANG_WARN_SUSPICIOUS_MOVE = YES;
				CLANG_WARN_UNGUARDED_AVAILABILITY = YES_AGGRESSIVE;
				CLANG_WARN_UNREACHABLE_CODE = YES;
				CLANG_WARN__DUPLICATE_METHOD_MATCH = YES;
				COPY_PHASE_STRIP = NO;
				DEBUG_INFORMATION_FORMAT = dwarf;
				ENABLE_STRICT_OBJC_MSGSEND = YES;
				ENABLE_TESTABILITY = YES;
				GCC_C_LANGUAGE_STANDARD = gnu11;
				GCC_DYNAMIC_NO_PIC = NO;
				GCC_NO_COMMON_BLOCKS = YES;
				GCC_OPTIMIZATION_LEVEL = 0;
				GCC_PREPROCESSOR_DEFINITIONS = (
					"DEBUG=1",
					"$(inherited)",
				);
				GCC_WARN_64_TO_32_BIT_CONVERSION = YES;
				GCC_WARN_ABOUT_RETURN_TYPE = YES_ERROR;
				GCC_WARN_UNDECLARED_SELECTOR = YES;
				GCC_WARN_UNINITIALIZED_AUTOS = YES_AGGRESSIVE;
				GCC_WARN_UNUSED_FUNCTION = YES;
				GCC_WARN_UNUSED_VARIABLE = YES;
				IPHONEOS_DEPLOYMENT_TARGET = 16.2;
				MTL_ENABLE_DEBUG_INFO = INCLUDE_SOURCE;
				MTL_FAST_MATH = YES;
				ONLY_ACTIVE_ARCH = YES;
				SDKROOT = iphoneos;
				SWIFT_ACTIVE_COMPILATION_CONDITIONS = DEBUG;
				SWIFT_OPTIMIZATION_LEVEL = "-Onone";
			};
			name = Debug;
		};
		1E109BA529BDBF5500DC8CEB /* Release */ = {
			isa = XCBuildConfiguration;
			buildSettings = {
				ALWAYS_SEARCH_USER_PATHS = NO;
				CLANG_ANALYZER_NONNULL = YES;
				CLANG_ANALYZER_NUMBER_OBJECT_CONVERSION = YES_AGGRESSIVE;
				CLANG_CXX_LANGUAGE_STANDARD = "gnu++20";
				CLANG_ENABLE_MODULES = YES;
				CLANG_ENABLE_OBJC_ARC = YES;
				CLANG_ENABLE_OBJC_WEAK = YES;
				CLANG_WARN_BLOCK_CAPTURE_AUTORELEASING = YES;
				CLANG_WARN_BOOL_CONVERSION = YES;
				CLANG_WARN_COMMA = YES;
				CLANG_WARN_CONSTANT_CONVERSION = YES;
				CLANG_WARN_DEPRECATED_OBJC_IMPLEMENTATIONS = YES;
				CLANG_WARN_DIRECT_OBJC_ISA_USAGE = YES_ERROR;
				CLANG_WARN_DOCUMENTATION_COMMENTS = YES;
				CLANG_WARN_EMPTY_BODY = YES;
				CLANG_WARN_ENUM_CONVERSION = YES;
				CLANG_WARN_INFINITE_RECURSION = YES;
				CLANG_WARN_INT_CONVERSION = YES;
				CLANG_WARN_NON_LITERAL_NULL_CONVERSION = YES;
				CLANG_WARN_OBJC_IMPLICIT_RETAIN_SELF = YES;
				CLANG_WARN_OBJC_LITERAL_CONVERSION = YES;
				CLANG_WARN_OBJC_ROOT_CLASS = YES_ERROR;
				CLANG_WARN_QUOTED_INCLUDE_IN_FRAMEWORK_HEADER = YES;
				CLANG_WARN_RANGE_LOOP_ANALYSIS = YES;
				CLANG_WARN_STRICT_PROTOTYPES = YES;
				CLANG_WARN_SUSPICIOUS_MOVE = YES;
				CLANG_WARN_UNGUARDED_AVAILABILITY = YES_AGGRESSIVE;
				CLANG_WARN_UNREACHABLE_CODE = YES;
				CLANG_WARN__DUPLICATE_METHOD_MATCH = YES;
				COPY_PHASE_STRIP = NO;
				DEBUG_INFORMATION_FORMAT = "dwarf-with-dsym";
				ENABLE_NS_ASSERTIONS = NO;
				ENABLE_STRICT_OBJC_MSGSEND = YES;
				GCC_C_LANGUAGE_STANDARD = gnu11;
				GCC_NO_COMMON_BLOCKS = YES;
				GCC_WARN_64_TO_32_BIT_CONVERSION = YES;
				GCC_WARN_ABOUT_RETURN_TYPE = YES_ERROR;
				GCC_WARN_UNDECLARED_SELECTOR = YES;
				GCC_WARN_UNINITIALIZED_AUTOS = YES_AGGRESSIVE;
				GCC_WARN_UNUSED_FUNCTION = YES;
				GCC_WARN_UNUSED_VARIABLE = YES;
				IPHONEOS_DEPLOYMENT_TARGET = 16.2;
				MTL_ENABLE_DEBUG_INFO = NO;
				MTL_FAST_MATH = YES;
				SDKROOT = iphoneos;
				SWIFT_COMPILATION_MODE = wholemodule;
				SWIFT_OPTIMIZATION_LEVEL = "-O";
				VALIDATE_PRODUCT = YES;
			};
			name = Release;
		};
		1E109BA729BDBF5500DC8CEB /* Debug */ = {
			isa = XCBuildConfiguration;
			buildSettings = {
				ASSETCATALOG_COMPILER_APPICON_NAME = AppIcon;
				ASSETCATALOG_COMPILER_GLOBAL_ACCENT_COLOR_NAME = AccentColor;
				CODE_SIGN_STYLE = Automatic;
				CURRENT_PROJECT_VERSION = 1;
				DEVELOPMENT_TEAM = 5N4LHF5GU6;
				GENERATE_INFOPLIST_FILE = YES;
				INFOPLIST_FILE = NearBy/SupportFiles/Info.plist;
				INFOPLIST_KEY_UIApplicationSupportsIndirectInputEvents = YES;
				INFOPLIST_KEY_UILaunchStoryboardName = LaunchScreen;
				INFOPLIST_KEY_UISupportedInterfaceOrientations = UIInterfaceOrientationPortrait;
				INFOPLIST_KEY_UISupportedInterfaceOrientations_iPad = "UIInterfaceOrientationLandscapeLeft UIInterfaceOrientationLandscapeRight UIInterfaceOrientationPortrait UIInterfaceOrientationPortraitUpsideDown";
				IPHONEOS_DEPLOYMENT_TARGET = 13.0;
				LD_RUNPATH_SEARCH_PATHS = (
					"$(inherited)",
					"@executable_path/Frameworks",
				);
				MARKETING_VERSION = 1.0;
				PRODUCT_BUNDLE_IDENTIFIER = ashbadak.NearBy;
				PRODUCT_NAME = "$(TARGET_NAME)";
				SUPPORTED_PLATFORMS = "iphoneos iphonesimulator";
				SUPPORTS_MACCATALYST = NO;
				SUPPORTS_MAC_DESIGNED_FOR_IPHONE_IPAD = NO;
				SWIFT_EMIT_LOC_STRINGS = YES;
				SWIFT_VERSION = 5.0;
				TARGETED_DEVICE_FAMILY = 1;
			};
			name = Debug;
		};
		1E109BA829BDBF5500DC8CEB /* Release */ = {
			isa = XCBuildConfiguration;
			buildSettings = {
				ASSETCATALOG_COMPILER_APPICON_NAME = AppIcon;
				ASSETCATALOG_COMPILER_GLOBAL_ACCENT_COLOR_NAME = AccentColor;
				CODE_SIGN_STYLE = Automatic;
				CURRENT_PROJECT_VERSION = 1;
				DEVELOPMENT_TEAM = 5N4LHF5GU6;
				GENERATE_INFOPLIST_FILE = YES;
				INFOPLIST_FILE = NearBy/SupportFiles/Info.plist;
				INFOPLIST_KEY_UIApplicationSupportsIndirectInputEvents = YES;
				INFOPLIST_KEY_UILaunchStoryboardName = LaunchScreen;
				INFOPLIST_KEY_UISupportedInterfaceOrientations = UIInterfaceOrientationPortrait;
				INFOPLIST_KEY_UISupportedInterfaceOrientations_iPad = "UIInterfaceOrientationLandscapeLeft UIInterfaceOrientationLandscapeRight UIInterfaceOrientationPortrait UIInterfaceOrientationPortraitUpsideDown";
				IPHONEOS_DEPLOYMENT_TARGET = 13.0;
				LD_RUNPATH_SEARCH_PATHS = (
					"$(inherited)",
					"@executable_path/Frameworks",
				);
				MARKETING_VERSION = 1.0;
				PRODUCT_BUNDLE_IDENTIFIER = ashbadak.NearBy;
				PRODUCT_NAME = "$(TARGET_NAME)";
				SUPPORTED_PLATFORMS = "iphoneos iphonesimulator";
				SUPPORTS_MACCATALYST = NO;
				SUPPORTS_MAC_DESIGNED_FOR_IPHONE_IPAD = NO;
				SWIFT_EMIT_LOC_STRINGS = YES;
				SWIFT_VERSION = 5.0;
				TARGETED_DEVICE_FAMILY = 1;
			};
			name = Release;
		};
/* End XCBuildConfiguration section */

/* Begin XCConfigurationList section */
		1E109B8D29BDBF5300DC8CEB /* Build configuration list for PBXProject "NearBy" */ = {
			isa = XCConfigurationList;
			buildConfigurations = (
				1E109BA429BDBF5500DC8CEB /* Debug */,
				1E109BA529BDBF5500DC8CEB /* Release */,
			);
			defaultConfigurationIsVisible = 0;
			defaultConfigurationName = Release;
		};
		1E109BA629BDBF5500DC8CEB /* Build configuration list for PBXNativeTarget "NearBy" */ = {
			isa = XCConfigurationList;
			buildConfigurations = (
				1E109BA729BDBF5500DC8CEB /* Debug */,
				1E109BA829BDBF5500DC8CEB /* Release */,
			);
			defaultConfigurationIsVisible = 0;
			defaultConfigurationName = Release;
		};
/* End XCConfigurationList section */
	};
	rootObject = 1E109B8A29BDBF5300DC8CEB /* Project object */;
}
