// !$*UTF8*$!
{
	archiveVersion = 1;
	classes = {
	};
	objectVersion = 56;
	objects = {

/* Begin PBXBuildFile section */
		1E109B9629BDBF5300DC8CEB /* AppDelegate.swift in Sources */ = {isa = PBXBuildFile; fileRef = 1E109B9529BDBF5300DC8CEB /* AppDelegate.swift */; };
		1E109B9F29BDBF5500DC8CEB /* Assets.xcassets in Resources */ = {isa = PBXBuildFile; fileRef = 1E109B9E29BDBF5500DC8CEB /* Assets.xcassets */; };
		1E109BA229BDBF5500DC8CEB /* LaunchScreen.storyboard in Resources */ = {isa = PBXBuildFile; fileRef = 1E109BA029BDBF5500DC8CEB /* LaunchScreen.storyboard */; };
		1E109BCC29BDE15E00DC8CEB /* ModuleProtocols.swift in Sources */ = {isa = PBXBuildFile; fileRef = 1E109BCB29BDE15E00DC8CEB /* ModuleProtocols.swift */; };
		1E109BCE29BDE2F600DC8CEB /* NearbyBusinessesModule.swift in Sources */ = {isa = PBXBuildFile; fileRef = 1E109BCD29BDE2F600DC8CEB /* NearbyBusinessesModule.swift */; };
		1E109BD029BDE39B00DC8CEB /* NearbyBusinessesViewController.swift in Sources */ = {isa = PBXBuildFile; fileRef = 1E109BCF29BDE39B00DC8CEB /* NearbyBusinessesViewController.swift */; };
		1E109BD229BE17AC00DC8CEB /* NearbyBusinessesRouter.swift in Sources */ = {isa = PBXBuildFile; fileRef = 1E109BD129BE17AC00DC8CEB /* NearbyBusinessesRouter.swift */; };
		1E109BD429BE184F00DC8CEB /* NearbyBusinessesInteractor.swift in Sources */ = {isa = PBXBuildFile; fileRef = 1E109BD329BE184F00DC8CEB /* NearbyBusinessesInteractor.swift */; };
		1E109BD629BE18C400DC8CEB /* NearbyBusinessesPresenter.swift in Sources */ = {isa = PBXBuildFile; fileRef = 1E109BD529BE18C400DC8CEB /* NearbyBusinessesPresenter.swift */; };
		1E109BD829BE1B1D00DC8CEB /* AppBootstrapRouter.swift in Sources */ = {isa = PBXBuildFile; fileRef = 1E109BD729BE1B1D00DC8CEB /* AppBootstrapRouter.swift */; };
		1E109BDA29BE1DD800DC8CEB /* UIViewConstraintExtension.swift in Sources */ = {isa = PBXBuildFile; fileRef = 1E109BD929BE1DD800DC8CEB /* UIViewConstraintExtension.swift */; };
		1E109BDD29BE254D00DC8CEB /* URLExtension.swift in Sources */ = {isa = PBXBuildFile; fileRef = 1E109BDC29BE254D00DC8CEB /* URLExtension.swift */; };
		1E109BE329BE4C0B00DC8CEB /* APIError.swift in Sources */ = {isa = PBXBuildFile; fileRef = 1E109BE229BE4C0B00DC8CEB /* APIError.swift */; };
		1E109BE529BE4DAE00DC8CEB /* HTTPHeader.swift in Sources */ = {isa = PBXBuildFile; fileRef = 1E109BE429BE4DAE00DC8CEB /* HTTPHeader.swift */; };
		1E109BE729BE4EC700DC8CEB /* Constants.swift in Sources */ = {isa = PBXBuildFile; fileRef = 1E109BE629BE4EC700DC8CEB /* Constants.swift */; };
		1E109BE929BE4F5400DC8CEB /* HTTPHeaderProvider.swift in Sources */ = {isa = PBXBuildFile; fileRef = 1E109BE829BE4F5400DC8CEB /* HTTPHeaderProvider.swift */; };
		1E109BED29BE511300DC8CEB /* NetworkRequestComponents.swift in Sources */ = {isa = PBXBuildFile; fileRef = 1E109BEC29BE511300DC8CEB /* NetworkRequestComponents.swift */; };
		1E109BEF29BE537200DC8CEB /* URLRequestConvertible.swift in Sources */ = {isa = PBXBuildFile; fileRef = 1E109BEE29BE537200DC8CEB /* URLRequestConvertible.swift */; };
		1E109BF129BE541D00DC8CEB /* URLConvertible.swift in Sources */ = {isa = PBXBuildFile; fileRef = 1E109BF029BE541D00DC8CEB /* URLConvertible.swift */; };
		1E109BF329BE551200DC8CEB /* NetworkRequestPerformer.swift in Sources */ = {isa = PBXBuildFile; fileRef = 1E109BF229BE551200DC8CEB /* NetworkRequestPerformer.swift */; };
		1E109BF529BE553400DC8CEB /* ResponseMapper.swift in Sources */ = {isa = PBXBuildFile; fileRef = 1E109BF429BE553400DC8CEB /* ResponseMapper.swift */; };
		1E109BF729BE554D00DC8CEB /* NetworkResponseParser.swift in Sources */ = {isa = PBXBuildFile; fileRef = 1E109BF629BE554D00DC8CEB /* NetworkResponseParser.swift */; };
		1E109BF929BE555F00DC8CEB /* NetworkResponseValidator.swift in Sources */ = {isa = PBXBuildFile; fileRef = 1E109BF829BE555F00DC8CEB /* NetworkResponseValidator.swift */; };
		1E109BFD29BE571300DC8CEB /* RestClient.swift in Sources */ = {isa = PBXBuildFile; fileRef = 1E109BFC29BE571300DC8CEB /* RestClient.swift */; };
		1E109BFF29BE58AC00DC8CEB /* NearbyBusinessesQueryParamsProvider.swift in Sources */ = {isa = PBXBuildFile; fileRef = 1E109BFE29BE58AC00DC8CEB /* NearbyBusinessesQueryParamsProvider.swift */; };
		1E109C0129BE59A700DC8CEB /* NearbyBusinessesNetworkRequestComponents.swift in Sources */ = {isa = PBXBuildFile; fileRef = 1E109C0029BE59A700DC8CEB /* NearbyBusinessesNetworkRequestComponents.swift */; };
		1E109C0329BE5A6F00DC8CEB /* CodableExtension.swift in Sources */ = {isa = PBXBuildFile; fileRef = 1E109C0229BE5A6F00DC8CEB /* CodableExtension.swift */; };
		1E109C0529BE5A8800DC8CEB /* DataExtension.swift in Sources */ = {isa = PBXBuildFile; fileRef = 1E109C0429BE5A8800DC8CEB /* DataExtension.swift */; };
		1E109C0729BE5B0600DC8CEB /* NearbyBusinessesAPIService.swift in Sources */ = {isa = PBXBuildFile; fileRef = 1E109C0629BE5B0600DC8CEB /* NearbyBusinessesAPIService.swift */; };
		1E109C0A29BE5E0100DC8CEB /* Business.swift in Sources */ = {isa = PBXBuildFile; fileRef = 1E109C0929BE5E0100DC8CEB /* Business.swift */; };
		1E109C0C29BE64A600DC8CEB /* NearbyPlaceViewModel.swift in Sources */ = {isa = PBXBuildFile; fileRef = 1E109C0B29BE64A600DC8CEB /* NearbyPlaceViewModel.swift */; };
		1E3B4A7429BF7F99000124F6 /* PlaceDetailsModuleProtocols.swift in Sources */ = {isa = PBXBuildFile; fileRef = 1E3B4A7329BF7F99000124F6 /* PlaceDetailsModuleProtocols.swift */; };
		1E3B4A7629BF7FC6000124F6 /* PlaceDetailInteractor.swift in Sources */ = {isa = PBXBuildFile; fileRef = 1E3B4A7529BF7FC6000124F6 /* PlaceDetailInteractor.swift */; };
		1E3B4A7829BF85F5000124F6 /* OperatingHours.swift in Sources */ = {isa = PBXBuildFile; fileRef = 1E3B4A7729BF85F5000124F6 /* OperatingHours.swift */; };
		1E3B4A7A29BF8706000124F6 /* WeeklySchedule.swift in Sources */ = {isa = PBXBuildFile; fileRef = 1E3B4A7929BF8706000124F6 /* WeeklySchedule.swift */; };
		1E3B4A7C29BF9F1C000124F6 /* DateFormatter.swift in Sources */ = {isa = PBXBuildFile; fileRef = 1E3B4A7B29BF9F1C000124F6 /* DateFormatter.swift */; };
		1E3B4A7F29BFA125000124F6 /* ViewModelProtocols.swift in Sources */ = {isa = PBXBuildFile; fileRef = 1E3B4A7E29BFA125000124F6 /* ViewModelProtocols.swift */; };
		1E3B4A8129BFA145000124F6 /* PlaceDetailBannerViewModel.swift in Sources */ = {isa = PBXBuildFile; fileRef = 1E3B4A8029BFA145000124F6 /* PlaceDetailBannerViewModel.swift */; };
		1E3B4A8329BFA158000124F6 /* PlaceContactInfoViewModel.swift in Sources */ = {isa = PBXBuildFile; fileRef = 1E3B4A8229BFA158000124F6 /* PlaceContactInfoViewModel.swift */; };
		1E3B4A8529BFA169000124F6 /* PlaceReviewInfoViewModel.swift in Sources */ = {isa = PBXBuildFile; fileRef = 1E3B4A8429BFA169000124F6 /* PlaceReviewInfoViewModel.swift */; };
		1E3B4A8729BFA179000124F6 /* PlaceOperatingHoursViewModel.swift in Sources */ = {isa = PBXBuildFile; fileRef = 1E3B4A8629BFA179000124F6 /* PlaceOperatingHoursViewModel.swift */; };
		1E3B4A8929BFA75A000124F6 /* TableViewCell.swift in Sources */ = {isa = PBXBuildFile; fileRef = 1E3B4A8829BFA75A000124F6 /* TableViewCell.swift */; };
		1E3B4A8D29BFA7C8000124F6 /* PlaceDetailsBannerView.swift in Sources */ = {isa = PBXBuildFile; fileRef = 1E3B4A8C29BFA7C8000124F6 /* PlaceDetailsBannerView.swift */; };
		1E3B4A8F29BFA7D8000124F6 /* PlaceDetailsInfoView.swift in Sources */ = {isa = PBXBuildFile; fileRef = 1E3B4A8E29BFA7D8000124F6 /* PlaceDetailsInfoView.swift */; };
		1E454EBB29BF5F6800BA718C /* NearbyPlaceView.swift in Sources */ = {isa = PBXBuildFile; fileRef = 1E454EBA29BF5F6800BA718C /* NearbyPlaceView.swift */; };
		1E454EBD29BF60A400BA718C /* UIColorExtension.swift in Sources */ = {isa = PBXBuildFile; fileRef = 1E454EBC29BF60A400BA718C /* UIColorExtension.swift */; };
		1E454EC029BF611E00BA718C /* ShadowStyle.swift in Sources */ = {isa = PBXBuildFile; fileRef = 1E454EBF29BF611E00BA718C /* ShadowStyle.swift */; };
		1E454EC229BF613100BA718C /* TextStyle.swift in Sources */ = {isa = PBXBuildFile; fileRef = 1E454EC129BF613100BA718C /* TextStyle.swift */; };
		1E454EC429BF615B00BA718C /* UIFontExtension.swift in Sources */ = {isa = PBXBuildFile; fileRef = 1E454EC329BF615B00BA718C /* UIFontExtension.swift */; };
		1E454EC629BF625400BA718C /* ImageCache.swift in Sources */ = {isa = PBXBuildFile; fileRef = 1E454EC529BF625400BA718C /* ImageCache.swift */; };
		1E454EC829BF626B00BA718C /* ImageDownloader.swift in Sources */ = {isa = PBXBuildFile; fileRef = 1E454EC729BF626B00BA718C /* ImageDownloader.swift */; };
		1E454ECA29BF629400BA718C /* ImageResponseParser.swift in Sources */ = {isa = PBXBuildFile; fileRef = 1E454EC929BF629400BA718C /* ImageResponseParser.swift */; };
		1E454ECC29BF62A300BA718C /* ImageStore.swift in Sources */ = {isa = PBXBuildFile; fileRef = 1E454ECB29BF62A300BA718C /* ImageStore.swift */; };
		1E454ECE29BF62D000BA718C /* UIImageViewExtension.swift in Sources */ = {isa = PBXBuildFile; fileRef = 1E454ECD29BF62D000BA718C /* UIImageViewExtension.swift */; };
		1E454ED129BF662B00BA718C /* CardView.swift in Sources */ = {isa = PBXBuildFile; fileRef = 1E454ED029BF662B00BA718C /* CardView.swift */; };
		1E454ED329BF666D00BA718C /* CardTableViewCell.swift in Sources */ = {isa = PBXBuildFile; fileRef = 1E454ED229BF666D00BA718C /* CardTableViewCell.swift */; };
		1E454ED529BF675B00BA718C /* ReusableView.swift in Sources */ = {isa = PBXBuildFile; fileRef = 1E454ED429BF675B00BA718C /* ReusableView.swift */; };
		1E454ED729BF677200BA718C /* ReusableTableViewDequeuing.swift in Sources */ = {isa = PBXBuildFile; fileRef = 1E454ED629BF677200BA718C /* ReusableTableViewDequeuing.swift */; };
		1E454ED929BF703D00BA718C /* ActivityStateViewController.swift in Sources */ = {isa = PBXBuildFile; fileRef = 1E454ED829BF703D00BA718C /* ActivityStateViewController.swift */; };
		1E454EDB29BF708200BA718C /* UIViewControllerExtension.swift in Sources */ = {isa = PBXBuildFile; fileRef = 1E454EDA29BF708200BA718C /* UIViewControllerExtension.swift */; };
		1E454EDE29BF70C400BA718C /* ErrorStateViewController.swift in Sources */ = {isa = PBXBuildFile; fileRef = 1E454EDD29BF70C400BA718C /* ErrorStateViewController.swift */; };
		1E454EE029BF71CD00BA718C /* PlaceDetailsViewController.swift in Sources */ = {isa = PBXBuildFile; fileRef = 1E454EDF29BF71CD00BA718C /* PlaceDetailsViewController.swift */; };
		1E454EE329BF732600BA718C /* PlaceDetailsPresenter.swift in Sources */ = {isa = PBXBuildFile; fileRef = 1E454EE229BF732600BA718C /* PlaceDetailsPresenter.swift */; };
		1E454EE729BF740600BA718C /* PlaceDetailsModule.swift in Sources */ = {isa = PBXBuildFile; fileRef = 1E454EE629BF740600BA718C /* PlaceDetailsModule.swift */; };
		1E454EEB29BF7B3400BA718C /* PlaceDetailsNetworkRequestComponents.swift in Sources */ = {isa = PBXBuildFile; fileRef = 1E454EEA29BF7B3400BA718C /* PlaceDetailsNetworkRequestComponents.swift */; };
		1E454EED29BF7C0900BA718C /* PlaceDetailsAPIService.swift in Sources */ = {isa = PBXBuildFile; fileRef = 1E454EEC29BF7C0900BA718C /* PlaceDetailsAPIService.swift */; };
/* End PBXBuildFile section */

/* Begin PBXFileReference section */
		1E109B9229BDBF5300DC8CEB /* NearBy.app */ = {isa = PBXFileReference; explicitFileType = wrapper.application; includeInIndex = 0; path = NearBy.app; sourceTree = BUILT_PRODUCTS_DIR; };
		1E109B9529BDBF5300DC8CEB /* AppDelegate.swift */ = {isa = PBXFileReference; lastKnownFileType = sourcecode.swift; path = AppDelegate.swift; sourceTree = "<group>"; };
		1E109B9E29BDBF5500DC8CEB /* Assets.xcassets */ = {isa = PBXFileReference; lastKnownFileType = folder.assetcatalog; path = Assets.xcassets; sourceTree = "<group>"; };
		1E109BA129BDBF5500DC8CEB /* Base */ = {isa = PBXFileReference; lastKnownFileType = file.storyboard; name = Base; path = Base.lproj/LaunchScreen.storyboard; sourceTree = "<group>"; };
		1E109BA329BDBF5500DC8CEB /* Info.plist */ = {isa = PBXFileReference; lastKnownFileType = text.plist.xml; path = Info.plist; sourceTree = "<group>"; };
		1E109BCB29BDE15E00DC8CEB /* ModuleProtocols.swift */ = {isa = PBXFileReference; lastKnownFileType = sourcecode.swift; path = ModuleProtocols.swift; sourceTree = "<group>"; };
		1E109BCD29BDE2F600DC8CEB /* NearbyBusinessesModule.swift */ = {isa = PBXFileReference; lastKnownFileType = sourcecode.swift; path = NearbyBusinessesModule.swift; sourceTree = "<group>"; };
		1E109BCF29BDE39B00DC8CEB /* NearbyBusinessesViewController.swift */ = {isa = PBXFileReference; lastKnownFileType = sourcecode.swift; path = NearbyBusinessesViewController.swift; sourceTree = "<group>"; };
		1E109BD129BE17AC00DC8CEB /* NearbyBusinessesRouter.swift */ = {isa = PBXFileReference; lastKnownFileType = sourcecode.swift; path = NearbyBusinessesRouter.swift; sourceTree = "<group>"; };
		1E109BD329BE184F00DC8CEB /* NearbyBusinessesInteractor.swift */ = {isa = PBXFileReference; lastKnownFileType = sourcecode.swift; path = NearbyBusinessesInteractor.swift; sourceTree = "<group>"; };
		1E109BD529BE18C400DC8CEB /* NearbyBusinessesPresenter.swift */ = {isa = PBXFileReference; lastKnownFileType = sourcecode.swift; path = NearbyBusinessesPresenter.swift; sourceTree = "<group>"; };
		1E109BD729BE1B1D00DC8CEB /* AppBootstrapRouter.swift */ = {isa = PBXFileReference; lastKnownFileType = sourcecode.swift; path = AppBootstrapRouter.swift; sourceTree = "<group>"; };
		1E109BD929BE1DD800DC8CEB /* UIViewConstraintExtension.swift */ = {isa = PBXFileReference; lastKnownFileType = sourcecode.swift; path = UIViewConstraintExtension.swift; sourceTree = "<group>"; };
		1E109BDC29BE254D00DC8CEB /* URLExtension.swift */ = {isa = PBXFileReference; lastKnownFileType = sourcecode.swift; path = URLExtension.swift; sourceTree = "<group>"; };
		1E109BE229BE4C0B00DC8CEB /* APIError.swift */ = {isa = PBXFileReference; lastKnownFileType = sourcecode.swift; path = APIError.swift; sourceTree = "<group>"; };
		1E109BE429BE4DAE00DC8CEB /* HTTPHeader.swift */ = {isa = PBXFileReference; lastKnownFileType = sourcecode.swift; path = HTTPHeader.swift; sourceTree = "<group>"; };
		1E109BE629BE4EC700DC8CEB /* Constants.swift */ = {isa = PBXFileReference; lastKnownFileType = sourcecode.swift; path = Constants.swift; sourceTree = "<group>"; };
		1E109BE829BE4F5400DC8CEB /* HTTPHeaderProvider.swift */ = {isa = PBXFileReference; lastKnownFileType = sourcecode.swift; path = HTTPHeaderProvider.swift; sourceTree = "<group>"; };
		1E109BEC29BE511300DC8CEB /* NetworkRequestComponents.swift */ = {isa = PBXFileReference; lastKnownFileType = sourcecode.swift; path = NetworkRequestComponents.swift; sourceTree = "<group>"; };
		1E109BEE29BE537200DC8CEB /* URLRequestConvertible.swift */ = {isa = PBXFileReference; lastKnownFileType = sourcecode.swift; path = URLRequestConvertible.swift; sourceTree = "<group>"; };
		1E109BF029BE541D00DC8CEB /* URLConvertible.swift */ = {isa = PBXFileReference; lastKnownFileType = sourcecode.swift; path = URLConvertible.swift; sourceTree = "<group>"; };
		1E109BF229BE551200DC8CEB /* NetworkRequestPerformer.swift */ = {isa = PBXFileReference; lastKnownFileType = sourcecode.swift; path = NetworkRequestPerformer.swift; sourceTree = "<group>"; };
		1E109BF429BE553400DC8CEB /* ResponseMapper.swift */ = {isa = PBXFileReference; lastKnownFileType = sourcecode.swift; path = ResponseMapper.swift; sourceTree = "<group>"; };
		1E109BF629BE554D00DC8CEB /* NetworkResponseParser.swift */ = {isa = PBXFileReference; lastKnownFileType = sourcecode.swift; path = NetworkResponseParser.swift; sourceTree = "<group>"; };
		1E109BF829BE555F00DC8CEB /* NetworkResponseValidator.swift */ = {isa = PBXFileReference; lastKnownFileType = sourcecode.swift; path = NetworkResponseValidator.swift; sourceTree = "<group>"; };
		1E109BFC29BE571300DC8CEB /* RestClient.swift */ = {isa = PBXFileReference; lastKnownFileType = sourcecode.swift; path = RestClient.swift; sourceTree = "<group>"; };
		1E109BFE29BE58AC00DC8CEB /* NearbyBusinessesQueryParamsProvider.swift */ = {isa = PBXFileReference; lastKnownFileType = sourcecode.swift; path = NearbyBusinessesQueryParamsProvider.swift; sourceTree = "<group>"; };
		1E109C0029BE59A700DC8CEB /* NearbyBusinessesNetworkRequestComponents.swift */ = {isa = PBXFileReference; lastKnownFileType = sourcecode.swift; path = NearbyBusinessesNetworkRequestComponents.swift; sourceTree = "<group>"; };
		1E109C0229BE5A6F00DC8CEB /* CodableExtension.swift */ = {isa = PBXFileReference; lastKnownFileType = sourcecode.swift; path = CodableExtension.swift; sourceTree = "<group>"; };
		1E109C0429BE5A8800DC8CEB /* DataExtension.swift */ = {isa = PBXFileReference; lastKnownFileType = sourcecode.swift; path = DataExtension.swift; sourceTree = "<group>"; };
		1E109C0629BE5B0600DC8CEB /* NearbyBusinessesAPIService.swift */ = {isa = PBXFileReference; lastKnownFileType = sourcecode.swift; path = NearbyBusinessesAPIService.swift; sourceTree = "<group>"; };
		1E109C0929BE5E0100DC8CEB /* Business.swift */ = {isa = PBXFileReference; lastKnownFileType = sourcecode.swift; path = Business.swift; sourceTree = "<group>"; };
		1E109C0B29BE64A600DC8CEB /* NearbyPlaceViewModel.swift */ = {isa = PBXFileReference; lastKnownFileType = sourcecode.swift; path = NearbyPlaceViewModel.swift; sourceTree = "<group>"; };
		1E3B4A7329BF7F99000124F6 /* PlaceDetailsModuleProtocols.swift */ = {isa = PBXFileReference; lastKnownFileType = sourcecode.swift; path = PlaceDetailsModuleProtocols.swift; sourceTree = "<group>"; };
		1E3B4A7529BF7FC6000124F6 /* PlaceDetailInteractor.swift */ = {isa = PBXFileReference; lastKnownFileType = sourcecode.swift; path = PlaceDetailInteractor.swift; sourceTree = "<group>"; };
		1E3B4A7729BF85F5000124F6 /* OperatingHours.swift */ = {isa = PBXFileReference; lastKnownFileType = sourcecode.swift; path = OperatingHours.swift; sourceTree = "<group>"; };
		1E3B4A7929BF8706000124F6 /* WeeklySchedule.swift */ = {isa = PBXFileReference; lastKnownFileType = sourcecode.swift; path = WeeklySchedule.swift; sourceTree = "<group>"; };
		1E3B4A7B29BF9F1C000124F6 /* DateFormatter.swift */ = {isa = PBXFileReference; lastKnownFileType = sourcecode.swift; path = DateFormatter.swift; sourceTree = "<group>"; };
		1E3B4A7E29BFA125000124F6 /* ViewModelProtocols.swift */ = {isa = PBXFileReference; lastKnownFileType = sourcecode.swift; path = ViewModelProtocols.swift; sourceTree = "<group>"; };
		1E3B4A8029BFA145000124F6 /* PlaceDetailBannerViewModel.swift */ = {isa = PBXFileReference; lastKnownFileType = sourcecode.swift; path = PlaceDetailBannerViewModel.swift; sourceTree = "<group>"; };
		1E3B4A8229BFA158000124F6 /* PlaceContactInfoViewModel.swift */ = {isa = PBXFileReference; lastKnownFileType = sourcecode.swift; path = PlaceContactInfoViewModel.swift; sourceTree = "<group>"; };
		1E3B4A8429BFA169000124F6 /* PlaceReviewInfoViewModel.swift */ = {isa = PBXFileReference; lastKnownFileType = sourcecode.swift; path = PlaceReviewInfoViewModel.swift; sourceTree = "<group>"; };
		1E3B4A8629BFA179000124F6 /* PlaceOperatingHoursViewModel.swift */ = {isa = PBXFileReference; lastKnownFileType = sourcecode.swift; path = PlaceOperatingHoursViewModel.swift; sourceTree = "<group>"; };
		1E3B4A8829BFA75A000124F6 /* TableViewCell.swift */ = {isa = PBXFileReference; lastKnownFileType = sourcecode.swift; path = TableViewCell.swift; sourceTree = "<group>"; };
		1E3B4A8C29BFA7C8000124F6 /* PlaceDetailsBannerView.swift */ = {isa = PBXFileReference; lastKnownFileType = sourcecode.swift; path = PlaceDetailsBannerView.swift; sourceTree = "<group>"; };
		1E3B4A8E29BFA7D8000124F6 /* PlaceDetailsInfoView.swift */ = {isa = PBXFileReference; lastKnownFileType = sourcecode.swift; path = PlaceDetailsInfoView.swift; sourceTree = "<group>"; };
		1E454EBA29BF5F6800BA718C /* NearbyPlaceView.swift */ = {isa = PBXFileReference; lastKnownFileType = sourcecode.swift; path = NearbyPlaceView.swift; sourceTree = "<group>"; };
		1E454EBC29BF60A400BA718C /* UIColorExtension.swift */ = {isa = PBXFileReference; lastKnownFileType = sourcecode.swift; path = UIColorExtension.swift; sourceTree = "<group>"; };
		1E454EBF29BF611E00BA718C /* ShadowStyle.swift */ = {isa = PBXFileReference; lastKnownFileType = sourcecode.swift; path = ShadowStyle.swift; sourceTree = "<group>"; };
		1E454EC129BF613100BA718C /* TextStyle.swift */ = {isa = PBXFileReference; lastKnownFileType = sourcecode.swift; path = TextStyle.swift; sourceTree = "<group>"; };
		1E454EC329BF615B00BA718C /* UIFontExtension.swift */ = {isa = PBXFileReference; lastKnownFileType = sourcecode.swift; path = UIFontExtension.swift; sourceTree = "<group>"; };
		1E454EC529BF625400BA718C /* ImageCache.swift */ = {isa = PBXFileReference; lastKnownFileType = sourcecode.swift; path = ImageCache.swift; sourceTree = "<group>"; };
		1E454EC729BF626B00BA718C /* ImageDownloader.swift */ = {isa = PBXFileReference; lastKnownFileType = sourcecode.swift; path = ImageDownloader.swift; sourceTree = "<group>"; };
		1E454EC929BF629400BA718C /* ImageResponseParser.swift */ = {isa = PBXFileReference; lastKnownFileType = sourcecode.swift; path = ImageResponseParser.swift; sourceTree = "<group>"; };
		1E454ECB29BF62A300BA718C /* ImageStore.swift */ = {isa = PBXFileReference; lastKnownFileType = sourcecode.swift; path = ImageStore.swift; sourceTree = "<group>"; };
		1E454ECD29BF62D000BA718C /* UIImageViewExtension.swift */ = {isa = PBXFileReference; lastKnownFileType = sourcecode.swift; path = UIImageViewExtension.swift; sourceTree = "<group>"; };
		1E454ED029BF662B00BA718C /* CardView.swift */ = {isa = PBXFileReference; lastKnownFileType = sourcecode.swift; path = CardView.swift; sourceTree = "<group>"; };
		1E454ED229BF666D00BA718C /* CardTableViewCell.swift */ = {isa = PBXFileReference; lastKnownFileType = sourcecode.swift; path = CardTableViewCell.swift; sourceTree = "<group>"; };
		1E454ED429BF675B00BA718C /* ReusableView.swift */ = {isa = PBXFileReference; lastKnownFileType = sourcecode.swift; path = ReusableView.swift; sourceTree = "<group>"; };
		1E454ED629BF677200BA718C /* ReusableTableViewDequeuing.swift */ = {isa = PBXFileReference; lastKnownFileType = sourcecode.swift; path = ReusableTableViewDequeuing.swift; sourceTree = "<group>"; };
		1E454ED829BF703D00BA718C /* ActivityStateViewController.swift */ = {isa = PBXFileReference; lastKnownFileType = sourcecode.swift; path = ActivityStateViewController.swift; sourceTree = "<group>"; };
		1E454EDA29BF708200BA718C /* UIViewControllerExtension.swift */ = {isa = PBXFileReference; lastKnownFileType = sourcecode.swift; path = UIViewControllerExtension.swift; sourceTree = "<group>"; };
		1E454EDD29BF70C400BA718C /* ErrorStateViewController.swift */ = {isa = PBXFileReference; lastKnownFileType = sourcecode.swift; path = ErrorStateViewController.swift; sourceTree = "<group>"; };
		1E454EDF29BF71CD00BA718C /* PlaceDetailsViewController.swift */ = {isa = PBXFileReference; lastKnownFileType = sourcecode.swift; path = PlaceDetailsViewController.swift; sourceTree = "<group>"; };
		1E454EE229BF732600BA718C /* PlaceDetailsPresenter.swift */ = {isa = PBXFileReference; lastKnownFileType = sourcecode.swift; path = PlaceDetailsPresenter.swift; sourceTree = "<group>"; };
		1E454EE629BF740600BA718C /* PlaceDetailsModule.swift */ = {isa = PBXFileReference; lastKnownFileType = sourcecode.swift; path = PlaceDetailsModule.swift; sourceTree = "<group>"; };
		1E454EEA29BF7B3400BA718C /* PlaceDetailsNetworkRequestComponents.swift */ = {isa = PBXFileReference; lastKnownFileType = sourcecode.swift; path = PlaceDetailsNetworkRequestComponents.swift; sourceTree = "<group>"; };
		1E454EEC29BF7C0900BA718C /* PlaceDetailsAPIService.swift */ = {isa = PBXFileReference; lastKnownFileType = sourcecode.swift; path = PlaceDetailsAPIService.swift; sourceTree = "<group>"; };
/* End PBXFileReference section */

/* Begin PBXFrameworksBuildPhase section */
		1E109B8F29BDBF5300DC8CEB /* Frameworks */ = {
			isa = PBXFrameworksBuildPhase;
			buildActionMask = 2147483647;
			files = (
			);
			runOnlyForDeploymentPostprocessing = 0;
		};
/* End PBXFrameworksBuildPhase section */

/* Begin PBXGroup section */
		1E109B8929BDBF5300DC8CEB = {
			isa = PBXGroup;
			children = (
				1E109B9429BDBF5300DC8CEB /* NearBy */,
				1E109B9329BDBF5300DC8CEB /* Products */,
			);
			sourceTree = "<group>";
		};
		1E109B9329BDBF5300DC8CEB /* Products */ = {
			isa = PBXGroup;
			children = (
				1E109B9229BDBF5300DC8CEB /* NearBy.app */,
			);
			name = Products;
			sourceTree = "<group>";
		};
		1E109B9429BDBF5300DC8CEB /* NearBy */ = {
			isa = PBXGroup;
			children = (
				1E109BA929BDC5D100DC8CEB /* ApplicationStartup */,
				1E109BAB29BDDA2200DC8CEB /* ApplicationNavigation */,
				1E109BAD29BDDA3A00DC8CEB /* Utils */,
				1E109BB829BDDB6700DC8CEB /* Common */,
				1E109BAC29BDDA3000DC8CEB /* Networking */,
				1E109BAE29BDDA4000DC8CEB /* Modules */,
				1E109BAA29BDC5F700DC8CEB /* SupportFiles */,
			);
			path = NearBy;
			sourceTree = "<group>";
		};
		1E109BA929BDC5D100DC8CEB /* ApplicationStartup */ = {
			isa = PBXGroup;
			children = (
				1E109B9529BDBF5300DC8CEB /* AppDelegate.swift */,
			);
			path = ApplicationStartup;
			sourceTree = "<group>";
		};
		1E109BAA29BDC5F700DC8CEB /* SupportFiles */ = {
			isa = PBXGroup;
			children = (
				1E109B9E29BDBF5500DC8CEB /* Assets.xcassets */,
				1E109BA029BDBF5500DC8CEB /* LaunchScreen.storyboard */,
				1E109BA329BDBF5500DC8CEB /* Info.plist */,
			);
			path = SupportFiles;
			sourceTree = "<group>";
		};
		1E109BAB29BDDA2200DC8CEB /* ApplicationNavigation */ = {
			isa = PBXGroup;
			children = (
				1E109BD729BE1B1D00DC8CEB /* AppBootstrapRouter.swift */,
			);
			path = ApplicationNavigation;
			sourceTree = "<group>";
		};
		1E109BAC29BDDA3000DC8CEB /* Networking */ = {
			isa = PBXGroup;
			children = (
				1E109BC329BDDD3000DC8CEB /* RequestData */,
				1E109BC029BDDC5300DC8CEB /* RequestPerformers */,
				1E109BC129BDDC5800DC8CEB /* ResponseHandlers */,
				1E109BC229BDDC5E00DC8CEB /* Errors */,
			);
			path = Networking;
			sourceTree = "<group>";
		};
		1E109BAD29BDDA3A00DC8CEB /* Utils */ = {
			isa = PBXGroup;
			children = (
				1E454EBE29BF611400BA718C /* Stylers */,
				1E109BC829BDDE5200DC8CEB /* ImageStore */,
				1E109BC629BDDE3200DC8CEB /* ViewReusability */,
				1E109BC729BDDE3F00DC8CEB /* Extensions */,
				1E109BE629BE4EC700DC8CEB /* Constants.swift */,
			);
			path = Utils;
			sourceTree = "<group>";
		};
		1E109BAE29BDDA4000DC8CEB /* Modules */ = {
			isa = PBXGroup;
			children = (
				1E109BAF29BDDA4F00DC8CEB /* NearbyBusinesses */,
				1E109BB029BDDA5F00DC8CEB /* PlaceDetails */,
			);
			path = Modules;
			sourceTree = "<group>";
		};
		1E109BAF29BDDA4F00DC8CEB /* NearbyBusinesses */ = {
			isa = PBXGroup;
			children = (
				1E109BBF29BDDC3300DC8CEB /* Entity */,
				1E109BBD29BDDC2300DC8CEB /* Interactor */,
				1E109BBC29BDDC1C00DC8CEB /* Presenter */,
				1E109BBB29BDDC1400DC8CEB /* Router */,
				1E109BBA29BDDC0E00DC8CEB /* View */,
				1E109BB929BDDBFB00DC8CEB /* ModuleBuilder */,
			);
			path = NearbyBusinesses;
			sourceTree = "<group>";
		};
		1E109BB029BDDA5F00DC8CEB /* PlaceDetails */ = {
			isa = PBXGroup;
			children = (
				1E109BB429BDDACB00DC8CEB /* Entity */,
				1E109BB329BDDAC300DC8CEB /* Interactor */,
				1E109BB229BDDAB900DC8CEB /* Presenter */,
				1E109BB529BDDAE400DC8CEB /* Router */,
				1E109BB129BDDAA800DC8CEB /* View */,
				1E109BB629BDDAFA00DC8CEB /* ModuleBuilder */,
			);
			path = PlaceDetails;
			sourceTree = "<group>";
		};
		1E109BB129BDDAA800DC8CEB /* View */ = {
			isa = PBXGroup;
			children = (
				1E3B4A8E29BFA7D8000124F6 /* PlaceDetailsInfoView.swift */,
				1E3B4A8C29BFA7C8000124F6 /* PlaceDetailsBannerView.swift */,
				1E454EDF29BF71CD00BA718C /* PlaceDetailsViewController.swift */,
			);
			path = View;
			sourceTree = "<group>";
		};
		1E109BB229BDDAB900DC8CEB /* Presenter */ = {
			isa = PBXGroup;
			children = (
				1E3B4A7D29BFA0FB000124F6 /* ViewModels */,
				1E454EE229BF732600BA718C /* PlaceDetailsPresenter.swift */,
			);
			path = Presenter;
			sourceTree = "<group>";
		};
		1E109BB329BDDAC300DC8CEB /* Interactor */ = {
			isa = PBXGroup;
			children = (
				1E109BB729BDDB0D00DC8CEB /* Service */,
				1E3B4A7529BF7FC6000124F6 /* PlaceDetailInteractor.swift */,
			);
			path = Interactor;
			sourceTree = "<group>";
		};
		1E109BB429BDDACB00DC8CEB /* Entity */ = {
			isa = PBXGroup;
			children = (
				1E3B4A7929BF8706000124F6 /* WeeklySchedule.swift */,
				1E3B4A7729BF85F5000124F6 /* OperatingHours.swift */,
			);
			path = Entity;
			sourceTree = "<group>";
		};
		1E109BB529BDDAE400DC8CEB /* Router */ = {
			isa = PBXGroup;
			children = (
			);
			path = Router;
			sourceTree = "<group>";
		};
		1E109BB629BDDAFA00DC8CEB /* ModuleBuilder */ = {
			isa = PBXGroup;
			children = (
				1E454EE629BF740600BA718C /* PlaceDetailsModule.swift */,
				1E3B4A7329BF7F99000124F6 /* PlaceDetailsModuleProtocols.swift */,
			);
			path = ModuleBuilder;
			sourceTree = "<group>";
		};
		1E109BB729BDDB0D00DC8CEB /* Service */ = {
			isa = PBXGroup;
			children = (
				1E454EEA29BF7B3400BA718C /* PlaceDetailsNetworkRequestComponents.swift */,
				1E454EEC29BF7C0900BA718C /* PlaceDetailsAPIService.swift */,
			);
			path = Service;
			sourceTree = "<group>";
		};
		1E109BB829BDDB6700DC8CEB /* Common */ = {
			isa = PBXGroup;
			children = (
				1E454EDC29BF70B900BA718C /* StateControllers */,
				1E454ECF29BF661C00BA718C /* View */,
				1E109C0829BE5DF000DC8CEB /* Models */,
			);
			path = Common;
			sourceTree = "<group>";
		};
		1E109BB929BDDBFB00DC8CEB /* ModuleBuilder */ = {
			isa = PBXGroup;
			children = (
				1E109BCB29BDE15E00DC8CEB /* ModuleProtocols.swift */,
				1E109BCD29BDE2F600DC8CEB /* NearbyBusinessesModule.swift */,
			);
			path = ModuleBuilder;
			sourceTree = "<group>";
		};
		1E109BBA29BDDC0E00DC8CEB /* View */ = {
			isa = PBXGroup;
			children = (
				1E109BCF29BDE39B00DC8CEB /* NearbyBusinessesViewController.swift */,
				1E454EBA29BF5F6800BA718C /* NearbyPlaceView.swift */,
			);
			path = View;
			sourceTree = "<group>";
		};
		1E109BBB29BDDC1400DC8CEB /* Router */ = {
			isa = PBXGroup;
			children = (
				1E109BD129BE17AC00DC8CEB /* NearbyBusinessesRouter.swift */,
			);
			path = Router;
			sourceTree = "<group>";
		};
		1E109BBC29BDDC1C00DC8CEB /* Presenter */ = {
			isa = PBXGroup;
			children = (
				1E109BD529BE18C400DC8CEB /* NearbyBusinessesPresenter.swift */,
				1E109C0B29BE64A600DC8CEB /* NearbyPlaceViewModel.swift */,
			);
			path = Presenter;
			sourceTree = "<group>";
		};
		1E109BBD29BDDC2300DC8CEB /* Interactor */ = {
			isa = PBXGroup;
			children = (
				1E109BBE29BDDC2A00DC8CEB /* Service */,
				1E109BD329BE184F00DC8CEB /* NearbyBusinessesInteractor.swift */,
			);
			path = Interactor;
			sourceTree = "<group>";
		};
		1E109BBE29BDDC2A00DC8CEB /* Service */ = {
			isa = PBXGroup;
			children = (
				1E109BFE29BE58AC00DC8CEB /* NearbyBusinessesQueryParamsProvider.swift */,
				1E109C0029BE59A700DC8CEB /* NearbyBusinessesNetworkRequestComponents.swift */,
				1E109C0629BE5B0600DC8CEB /* NearbyBusinessesAPIService.swift */,
			);
			path = Service;
			sourceTree = "<group>";
		};
		1E109BBF29BDDC3300DC8CEB /* Entity */ = {
			isa = PBXGroup;
			children = (
			);
			path = Entity;
			sourceTree = "<group>";
		};
		1E109BC029BDDC5300DC8CEB /* RequestPerformers */ = {
			isa = PBXGroup;
			children = (
				1E109BEE29BE537200DC8CEB /* URLRequestConvertible.swift */,
				1E109BF029BE541D00DC8CEB /* URLConvertible.swift */,
				1E109BF229BE551200DC8CEB /* NetworkRequestPerformer.swift */,
				1E109BFC29BE571300DC8CEB /* RestClient.swift */,
			);
			path = RequestPerformers;
			sourceTree = "<group>";
		};
		1E109BC129BDDC5800DC8CEB /* ResponseHandlers */ = {
			isa = PBXGroup;
			children = (
				1E109BF429BE553400DC8CEB /* ResponseMapper.swift */,
				1E109BF629BE554D00DC8CEB /* NetworkResponseParser.swift */,
				1E109BF829BE555F00DC8CEB /* NetworkResponseValidator.swift */,
			);
			path = ResponseHandlers;
			sourceTree = "<group>";
		};
		1E109BC229BDDC5E00DC8CEB /* Errors */ = {
			isa = PBXGroup;
			children = (
				1E109BE229BE4C0B00DC8CEB /* APIError.swift */,
			);
			path = Errors;
			sourceTree = "<group>";
		};
		1E109BC329BDDD3000DC8CEB /* RequestData */ = {
			isa = PBXGroup;
			children = (
				1E109BC429BDDD9600DC8CEB /* Headers */,
				1E109BEC29BE511300DC8CEB /* NetworkRequestComponents.swift */,
			);
			path = RequestData;
			sourceTree = "<group>";
		};
		1E109BC429BDDD9600DC8CEB /* Headers */ = {
			isa = PBXGroup;
			children = (
				1E109BE429BE4DAE00DC8CEB /* HTTPHeader.swift */,
				1E109BE829BE4F5400DC8CEB /* HTTPHeaderProvider.swift */,
			);
			path = Headers;
			sourceTree = "<group>";
		};
		1E109BC629BDDE3200DC8CEB /* ViewReusability */ = {
			isa = PBXGroup;
			children = (
				1E454ED429BF675B00BA718C /* ReusableView.swift */,
				1E454ED629BF677200BA718C /* ReusableTableViewDequeuing.swift */,
			);
			path = ViewReusability;
			sourceTree = "<group>";
		};
		1E109BC729BDDE3F00DC8CEB /* Extensions */ = {
			isa = PBXGroup;
			children = (
				1E109BD929BE1DD800DC8CEB /* UIViewConstraintExtension.swift */,
				1E109BDC29BE254D00DC8CEB /* URLExtension.swift */,
				1E109C0229BE5A6F00DC8CEB /* CodableExtension.swift */,
				1E109C0429BE5A8800DC8CEB /* DataExtension.swift */,
				1E454EBC29BF60A400BA718C /* UIColorExtension.swift */,
				1E454EC329BF615B00BA718C /* UIFontExtension.swift */,
				1E454ECD29BF62D000BA718C /* UIImageViewExtension.swift */,
				1E454EDA29BF708200BA718C /* UIViewControllerExtension.swift */,
				1E3B4A7B29BF9F1C000124F6 /* DateFormatter.swift */,
			);
			path = Extensions;
			sourceTree = "<group>";
		};
		1E109BC829BDDE5200DC8CEB /* ImageStore */ = {
			isa = PBXGroup;
			children = (
				1E454EC529BF625400BA718C /* ImageCache.swift */,
				1E454EC729BF626B00BA718C /* ImageDownloader.swift */,
				1E454EC929BF629400BA718C /* ImageResponseParser.swift */,
				1E454ECB29BF62A300BA718C /* ImageStore.swift */,
			);
			path = ImageStore;
			sourceTree = "<group>";
		};
		1E109C0829BE5DF000DC8CEB /* Models */ = {
			isa = PBXGroup;
			children = (
				1E109C0929BE5E0100DC8CEB /* Business.swift */,
			);
			path = Models;
			sourceTree = "<group>";
		};
		1E3B4A7D29BFA0FB000124F6 /* ViewModels */ = {
			isa = PBXGroup;
			children = (
				1E3B4A7E29BFA125000124F6 /* ViewModelProtocols.swift */,
				1E3B4A8029BFA145000124F6 /* PlaceDetailBannerViewModel.swift */,
				1E3B4A8229BFA158000124F6 /* PlaceContactInfoViewModel.swift */,
				1E3B4A8429BFA169000124F6 /* PlaceReviewInfoViewModel.swift */,
				1E3B4A8629BFA179000124F6 /* PlaceOperatingHoursViewModel.swift */,
			);
			path = ViewModels;
			sourceTree = "<group>";
		};
		1E454EBE29BF611400BA718C /* Stylers */ = {
			isa = PBXGroup;
			children = (
				1E454EBF29BF611E00BA718C /* ShadowStyle.swift */,
				1E454EC129BF613100BA718C /* TextStyle.swift */,
			);
			path = Stylers;
			sourceTree = "<group>";
		};
		1E454ECF29BF661C00BA718C /* View */ = {
			isa = PBXGroup;
			children = (
				1E454ED029BF662B00BA718C /* CardView.swift */,
				1E454ED229BF666D00BA718C /* CardTableViewCell.swift */,
				1E3B4A8829BFA75A000124F6 /* TableViewCell.swift */,
			);
			path = View;
			sourceTree = "<group>";
		};
		1E454EDC29BF70B900BA718C /* StateControllers */ = {
			isa = PBXGroup;
			children = (
				1E454EDD29BF70C400BA718C /* ErrorStateViewController.swift */,
				1E454ED829BF703D00BA718C /* ActivityStateViewController.swift */,
			);
			path = StateControllers;
			sourceTree = "<group>";
		};
/* End PBXGroup section */

/* Begin PBXNativeTarget section */
		1E109B9129BDBF5300DC8CEB /* NearBy */ = {
			isa = PBXNativeTarget;
			buildConfigurationList = 1E109BA629BDBF5500DC8CEB /* Build configuration list for PBXNativeTarget "NearBy" */;
			buildPhases = (
				1E109B8E29BDBF5300DC8CEB /* Sources */,
				1E109B8F29BDBF5300DC8CEB /* Frameworks */,
				1E109B9029BDBF5300DC8CEB /* Resources */,
			);
			buildRules = (
			);
			dependencies = (
			);
			name = NearBy;
			productName = NearBy;
			productReference = 1E109B9229BDBF5300DC8CEB /* NearBy.app */;
			productType = "com.apple.product-type.application";
		};
/* End PBXNativeTarget section */

/* Begin PBXProject section */
		1E109B8A29BDBF5300DC8CEB /* Project object */ = {
			isa = PBXProject;
			attributes = {
				BuildIndependentTargetsInParallel = 1;
				LastSwiftUpdateCheck = 1420;
				LastUpgradeCheck = 1420;
				TargetAttributes = {
					1E109B9129BDBF5300DC8CEB = {
						CreatedOnToolsVersion = 14.2;
					};
				};
			};
			buildConfigurationList = 1E109B8D29BDBF5300DC8CEB /* Build configuration list for PBXProject "NearBy" */;
			compatibilityVersion = "Xcode 14.0";
			developmentRegion = en;
			hasScannedForEncodings = 0;
			knownRegions = (
				en,
				Base,
			);
			mainGroup = 1E109B8929BDBF5300DC8CEB;
			productRefGroup = 1E109B9329BDBF5300DC8CEB /* Products */;
			projectDirPath = "";
			projectRoot = "";
			targets = (
				1E109B9129BDBF5300DC8CEB /* NearBy */,
			);
		};
/* End PBXProject section */

/* Begin PBXResourcesBuildPhase section */
		1E109B9029BDBF5300DC8CEB /* Resources */ = {
			isa = PBXResourcesBuildPhase;
			buildActionMask = 2147483647;
			files = (
				1E109BA229BDBF5500DC8CEB /* LaunchScreen.storyboard in Resources */,
				1E109B9F29BDBF5500DC8CEB /* Assets.xcassets in Resources */,
			);
			runOnlyForDeploymentPostprocessing = 0;
		};
/* End PBXResourcesBuildPhase section */

/* Begin PBXSourcesBuildPhase section */
		1E109B8E29BDBF5300DC8CEB /* Sources */ = {
			isa = PBXSourcesBuildPhase;
			buildActionMask = 2147483647;
			files = (
				1E3B4A8529BFA169000124F6 /* PlaceReviewInfoViewModel.swift in Sources */,
				1E109C0329BE5A6F00DC8CEB /* CodableExtension.swift in Sources */,
				1E109BE529BE4DAE00DC8CEB /* HTTPHeader.swift in Sources */,
				1E454EDB29BF708200BA718C /* UIViewControllerExtension.swift in Sources */,
				1E3B4A7F29BFA125000124F6 /* ViewModelProtocols.swift in Sources */,
				1E454EC429BF615B00BA718C /* UIFontExtension.swift in Sources */,
				1E454ED929BF703D00BA718C /* ActivityStateViewController.swift in Sources */,
				1E454EE329BF732600BA718C /* PlaceDetailsPresenter.swift in Sources */,
				1E109BF129BE541D00DC8CEB /* URLConvertible.swift in Sources */,
				1E454EC029BF611E00BA718C /* ShadowStyle.swift in Sources */,
				1E454EC629BF625400BA718C /* ImageCache.swift in Sources */,
				1E3B4A7629BF7FC6000124F6 /* PlaceDetailInteractor.swift in Sources */,
				1E109C0729BE5B0600DC8CEB /* NearbyBusinessesAPIService.swift in Sources */,
				1E3B4A7829BF85F5000124F6 /* OperatingHours.swift in Sources */,
				1E109BDA29BE1DD800DC8CEB /* UIViewConstraintExtension.swift in Sources */,
				1E3B4A8729BFA179000124F6 /* PlaceOperatingHoursViewModel.swift in Sources */,
				1E109B9629BDBF5300DC8CEB /* AppDelegate.swift in Sources */,
				1E109BD829BE1B1D00DC8CEB /* AppBootstrapRouter.swift in Sources */,
				1E109BD029BDE39B00DC8CEB /* NearbyBusinessesViewController.swift in Sources */,
				1E3B4A8D29BFA7C8000124F6 /* PlaceDetailsBannerView.swift in Sources */,
				1E454ECE29BF62D000BA718C /* UIImageViewExtension.swift in Sources */,
				1E109C0529BE5A8800DC8CEB /* DataExtension.swift in Sources */,
				1E109BF329BE551200DC8CEB /* NetworkRequestPerformer.swift in Sources */,
				1E454ED129BF662B00BA718C /* CardView.swift in Sources */,
				1E109BE929BE4F5400DC8CEB /* HTTPHeaderProvider.swift in Sources */,
				1E454EC229BF613100BA718C /* TextStyle.swift in Sources */,
				1E109BD229BE17AC00DC8CEB /* NearbyBusinessesRouter.swift in Sources */,
				1E109BE329BE4C0B00DC8CEB /* APIError.swift in Sources */,
				1E3B4A7C29BF9F1C000124F6 /* DateFormatter.swift in Sources */,
				1E3B4A7A29BF8706000124F6 /* WeeklySchedule.swift in Sources */,
				1E109BF529BE553400DC8CEB /* ResponseMapper.swift in Sources */,
				1E109BE729BE4EC700DC8CEB /* Constants.swift in Sources */,
				1E109C0A29BE5E0100DC8CEB /* Business.swift in Sources */,
				1E109BDD29BE254D00DC8CEB /* URLExtension.swift in Sources */,
				1E454EBD29BF60A400BA718C /* UIColorExtension.swift in Sources */,
				1E109BCE29BDE2F600DC8CEB /* NearbyBusinessesModule.swift in Sources */,
				1E109C0C29BE64A600DC8CEB /* NearbyPlaceViewModel.swift in Sources */,
				1E109BFD29BE571300DC8CEB /* RestClient.swift in Sources */,
				1E109BF729BE554D00DC8CEB /* NetworkResponseParser.swift in Sources */,
				1E109BED29BE511300DC8CEB /* NetworkRequestComponents.swift in Sources */,
				1E109C0129BE59A700DC8CEB /* NearbyBusinessesNetworkRequestComponents.swift in Sources */,
				1E454EBB29BF5F6800BA718C /* NearbyPlaceView.swift in Sources */,
				1E454ECA29BF629400BA718C /* ImageResponseParser.swift in Sources */,
				1E109BEF29BE537200DC8CEB /* URLRequestConvertible.swift in Sources */,
				1E454EED29BF7C0900BA718C /* PlaceDetailsAPIService.swift in Sources */,
				1E454ED529BF675B00BA718C /* ReusableView.swift in Sources */,
				1E454EE729BF740600BA718C /* PlaceDetailsModule.swift in Sources */,
				1E109BD429BE184F00DC8CEB /* NearbyBusinessesInteractor.swift in Sources */,
				1E454EEB29BF7B3400BA718C /* PlaceDetailsNetworkRequestComponents.swift in Sources */,
				1E3B4A8129BFA145000124F6 /* PlaceDetailBannerViewModel.swift in Sources */,
				1E454ED729BF677200BA718C /* ReusableTableViewDequeuing.swift in Sources */,
				1E109BCC29BDE15E00DC8CEB /* ModuleProtocols.swift in Sources */,
				1E454ED329BF666D00BA718C /* CardTableViewCell.swift in Sources */,
				1E109BF929BE555F00DC8CEB /* NetworkResponseValidator.swift in Sources */,
				1E3B4A8F29BFA7D8000124F6 /* PlaceDetailsInfoView.swift in Sources */,
				1E3B4A8929BFA75A000124F6 /* TableViewCell.swift in Sources */,
				1E109BFF29BE58AC00DC8CEB /* NearbyBusinessesQueryParamsProvider.swift in Sources */,
				1E3B4A7429BF7F99000124F6 /* PlaceDetailsModuleProtocols.swift in Sources */,
				1E454EE029BF71CD00BA718C /* PlaceDetailsViewController.swift in Sources */,
				1E454ECC29BF62A300BA718C /* ImageStore.swift in Sources */,
				1E454EDE29BF70C400BA718C /* ErrorStateViewController.swift in Sources */,
				1E454EC829BF626B00BA718C /* ImageDownloader.swift in Sources */,
				1E3B4A8329BFA158000124F6 /* PlaceContactInfoViewModel.swift in Sources */,
				1E109BD629BE18C400DC8CEB /* NearbyBusinessesPresenter.swift in Sources */,
			);
			runOnlyForDeploymentPostprocessing = 0;
		};
/* End PBXSourcesBuildPhase section */

/* Begin PBXVariantGroup section */
		1E109BA029BDBF5500DC8CEB /* LaunchScreen.storyboard */ = {
			isa = PBXVariantGroup;
			children = (
				1E109BA129BDBF5500DC8CEB /* Base */,
			);
			name = LaunchScreen.storyboard;
			sourceTree = "<group>";
		};
/* End PBXVariantGroup section */

/* Begin XCBuildConfiguration section */
		1E109BA429BDBF5500DC8CEB /* Debug */ = {
			isa = XCBuildConfiguration;
			buildSettings = {
				ALWAYS_SEARCH_USER_PATHS = NO;
				CLANG_ANALYZER_NONNULL = YES;
				CLANG_ANALYZER_NUMBER_OBJECT_CONVERSION = YES_AGGRESSIVE;
				CLANG_CXX_LANGUAGE_STANDARD = "gnu++20";
				CLANG_ENABLE_MODULES = YES;
				CLANG_ENABLE_OBJC_ARC = YES;
				CLANG_ENABLE_OBJC_WEAK = YES;
				CLANG_WARN_BLOCK_CAPTURE_AUTORELEASING = YES;
				CLANG_WARN_BOOL_CONVERSION = YES;
				CLANG_WARN_COMMA = YES;
				CLANG_WARN_CONSTANT_CONVERSION = YES;
				CLANG_WARN_DEPRECATED_OBJC_IMPLEMENTATIONS = YES;
				CLANG_WARN_DIRECT_OBJC_ISA_USAGE = YES_ERROR;
				CLANG_WARN_DOCUMENTATION_COMMENTS = YES;
				CLANG_WARN_EMPTY_BODY = YES;
				CLANG_WARN_ENUM_CONVERSION = YES;
				CLANG_WARN_INFINITE_RECURSION = YES;
				CLANG_WARN_INT_CONVERSION = YES;
				CLANG_WARN_NON_LITERAL_NULL_CONVERSION = YES;
				CLANG_WARN_OBJC_IMPLICIT_RETAIN_SELF = YES;
				CLANG_WARN_OBJC_LITERAL_CONVERSION = YES;
				CLANG_WARN_OBJC_ROOT_CLASS = YES_ERROR;
				CLANG_WARN_QUOTED_INCLUDE_IN_FRAMEWORK_HEADER = YES;
				CLANG_WARN_RANGE_LOOP_ANALYSIS = YES;
				CLANG_WARN_STRICT_PROTOTYPES = YES;
				CLANG_WARN_SUSPICIOUS_MOVE = YES;
				CLANG_WARN_UNGUARDED_AVAILABILITY = YES_AGGRESSIVE;
				CLANG_WARN_UNREACHABLE_CODE = YES;
				CLANG_WARN__DUPLICATE_METHOD_MATCH = YES;
				COPY_PHASE_STRIP = NO;
				DEBUG_INFORMATION_FORMAT = dwarf;
				ENABLE_STRICT_OBJC_MSGSEND = YES;
				ENABLE_TESTABILITY = YES;
				GCC_C_LANGUAGE_STANDARD = gnu11;
				GCC_DYNAMIC_NO_PIC = NO;
				GCC_NO_COMMON_BLOCKS = YES;
				GCC_OPTIMIZATION_LEVEL = 0;
				GCC_PREPROCESSOR_DEFINITIONS = (
					"DEBUG=1",
					"$(inherited)",
				);
				GCC_WARN_64_TO_32_BIT_CONVERSION = YES;
				GCC_WARN_ABOUT_RETURN_TYPE = YES_ERROR;
				GCC_WARN_UNDECLARED_SELECTOR = YES;
				GCC_WARN_UNINITIALIZED_AUTOS = YES_AGGRESSIVE;
				GCC_WARN_UNUSED_FUNCTION = YES;
				GCC_WARN_UNUSED_VARIABLE = YES;
				IPHONEOS_DEPLOYMENT_TARGET = 16.2;
				MTL_ENABLE_DEBUG_INFO = INCLUDE_SOURCE;
				MTL_FAST_MATH = YES;
				ONLY_ACTIVE_ARCH = YES;
				SDKROOT = iphoneos;
				SWIFT_ACTIVE_COMPILATION_CONDITIONS = DEBUG;
				SWIFT_OPTIMIZATION_LEVEL = "-Onone";
			};
			name = Debug;
		};
		1E109BA529BDBF5500DC8CEB /* Release */ = {
			isa = XCBuildConfiguration;
			buildSettings = {
				ALWAYS_SEARCH_USER_PATHS = NO;
				CLANG_ANALYZER_NONNULL = YES;
				CLANG_ANALYZER_NUMBER_OBJECT_CONVERSION = YES_AGGRESSIVE;
				CLANG_CXX_LANGUAGE_STANDARD = "gnu++20";
				CLANG_ENABLE_MODULES = YES;
				CLANG_ENABLE_OBJC_ARC = YES;
				CLANG_ENABLE_OBJC_WEAK = YES;
				CLANG_WARN_BLOCK_CAPTURE_AUTORELEASING = YES;
				CLANG_WARN_BOOL_CONVERSION = YES;
				CLANG_WARN_COMMA = YES;
				CLANG_WARN_CONSTANT_CONVERSION = YES;
				CLANG_WARN_DEPRECATED_OBJC_IMPLEMENTATIONS = YES;
				CLANG_WARN_DIRECT_OBJC_ISA_USAGE = YES_ERROR;
				CLANG_WARN_DOCUMENTATION_COMMENTS = YES;
				CLANG_WARN_EMPTY_BODY = YES;
				CLANG_WARN_ENUM_CONVERSION = YES;
				CLANG_WARN_INFINITE_RECURSION = YES;
				CLANG_WARN_INT_CONVERSION = YES;
				CLANG_WARN_NON_LITERAL_NULL_CONVERSION = YES;
				CLANG_WARN_OBJC_IMPLICIT_RETAIN_SELF = YES;
				CLANG_WARN_OBJC_LITERAL_CONVERSION = YES;
				CLANG_WARN_OBJC_ROOT_CLASS = YES_ERROR;
				CLANG_WARN_QUOTED_INCLUDE_IN_FRAMEWORK_HEADER = YES;
				CLANG_WARN_RANGE_LOOP_ANALYSIS = YES;
				CLANG_WARN_STRICT_PROTOTYPES = YES;
				CLANG_WARN_SUSPICIOUS_MOVE = YES;
				CLANG_WARN_UNGUARDED_AVAILABILITY = YES_AGGRESSIVE;
				CLANG_WARN_UNREACHABLE_CODE = YES;
				CLANG_WARN__DUPLICATE_METHOD_MATCH = YES;
				COPY_PHASE_STRIP = NO;
				DEBUG_INFORMATION_FORMAT = "dwarf-with-dsym";
				ENABLE_NS_ASSERTIONS = NO;
				ENABLE_STRICT_OBJC_MSGSEND = YES;
				GCC_C_LANGUAGE_STANDARD = gnu11;
				GCC_NO_COMMON_BLOCKS = YES;
				GCC_WARN_64_TO_32_BIT_CONVERSION = YES;
				GCC_WARN_ABOUT_RETURN_TYPE = YES_ERROR;
				GCC_WARN_UNDECLARED_SELECTOR = YES;
				GCC_WARN_UNINITIALIZED_AUTOS = YES_AGGRESSIVE;
				GCC_WARN_UNUSED_FUNCTION = YES;
				GCC_WARN_UNUSED_VARIABLE = YES;
				IPHONEOS_DEPLOYMENT_TARGET = 16.2;
				MTL_ENABLE_DEBUG_INFO = NO;
				MTL_FAST_MATH = YES;
				SDKROOT = iphoneos;
				SWIFT_COMPILATION_MODE = wholemodule;
				SWIFT_OPTIMIZATION_LEVEL = "-O";
				VALIDATE_PRODUCT = YES;
			};
			name = Release;
		};
		1E109BA729BDBF5500DC8CEB /* Debug */ = {
			isa = XCBuildConfiguration;
			buildSettings = {
				ASSETCATALOG_COMPILER_APPICON_NAME = AppIcon;
				ASSETCATALOG_COMPILER_GLOBAL_ACCENT_COLOR_NAME = AccentColor;
				CODE_SIGN_STYLE = Automatic;
				CURRENT_PROJECT_VERSION = 1;
				DEVELOPMENT_TEAM = 5N4LHF5GU6;
				GENERATE_INFOPLIST_FILE = YES;
				INFOPLIST_FILE = NearBy/SupportFiles/Info.plist;
				INFOPLIST_KEY_UIApplicationSupportsIndirectInputEvents = YES;
				INFOPLIST_KEY_UILaunchStoryboardName = LaunchScreen;
				INFOPLIST_KEY_UISupportedInterfaceOrientations = UIInterfaceOrientationPortrait;
				INFOPLIST_KEY_UISupportedInterfaceOrientations_iPad = "UIInterfaceOrientationLandscapeLeft UIInterfaceOrientationLandscapeRight UIInterfaceOrientationPortrait UIInterfaceOrientationPortraitUpsideDown";
				IPHONEOS_DEPLOYMENT_TARGET = 13.0;
				LD_RUNPATH_SEARCH_PATHS = (
					"$(inherited)",
					"@executable_path/Frameworks",
				);
				MARKETING_VERSION = 1.0;
				PRODUCT_BUNDLE_IDENTIFIER = ashbadak.NearBy;
				PRODUCT_NAME = "$(TARGET_NAME)";
				SUPPORTED_PLATFORMS = "iphoneos iphonesimulator";
				SUPPORTS_MACCATALYST = NO;
				SUPPORTS_MAC_DESIGNED_FOR_IPHONE_IPAD = NO;
				SWIFT_EMIT_LOC_STRINGS = YES;
				SWIFT_VERSION = 5.0;
				TARGETED_DEVICE_FAMILY = 1;
			};
			name = Debug;
		};
		1E109BA829BDBF5500DC8CEB /* Release */ = {
			isa = XCBuildConfiguration;
			buildSettings = {
				ASSETCATALOG_COMPILER_APPICON_NAME = AppIcon;
				ASSETCATALOG_COMPILER_GLOBAL_ACCENT_COLOR_NAME = AccentColor;
				CODE_SIGN_STYLE = Automatic;
				CURRENT_PROJECT_VERSION = 1;
				DEVELOPMENT_TEAM = 5N4LHF5GU6;
				GENERATE_INFOPLIST_FILE = YES;
				INFOPLIST_FILE = NearBy/SupportFiles/Info.plist;
				INFOPLIST_KEY_UIApplicationSupportsIndirectInputEvents = YES;
				INFOPLIST_KEY_UILaunchStoryboardName = LaunchScreen;
				INFOPLIST_KEY_UISupportedInterfaceOrientations = UIInterfaceOrientationPortrait;
				INFOPLIST_KEY_UISupportedInterfaceOrientations_iPad = "UIInterfaceOrientationLandscapeLeft UIInterfaceOrientationLandscapeRight UIInterfaceOrientationPortrait UIInterfaceOrientationPortraitUpsideDown";
				IPHONEOS_DEPLOYMENT_TARGET = 13.0;
				LD_RUNPATH_SEARCH_PATHS = (
					"$(inherited)",
					"@executable_path/Frameworks",
				);
				MARKETING_VERSION = 1.0;
				PRODUCT_BUNDLE_IDENTIFIER = ashbadak.NearBy;
				PRODUCT_NAME = "$(TARGET_NAME)";
				SUPPORTED_PLATFORMS = "iphoneos iphonesimulator";
				SUPPORTS_MACCATALYST = NO;
				SUPPORTS_MAC_DESIGNED_FOR_IPHONE_IPAD = NO;
				SWIFT_EMIT_LOC_STRINGS = YES;
				SWIFT_VERSION = 5.0;
				TARGETED_DEVICE_FAMILY = 1;
			};
			name = Release;
		};
/* End XCBuildConfiguration section */

/* Begin XCConfigurationList section */
		1E109B8D29BDBF5300DC8CEB /* Build configuration list for PBXProject "NearBy" */ = {
			isa = XCConfigurationList;
			buildConfigurations = (
				1E109BA429BDBF5500DC8CEB /* Debug */,
				1E109BA529BDBF5500DC8CEB /* Release */,
			);
			defaultConfigurationIsVisible = 0;
			defaultConfigurationName = Release;
		};
		1E109BA629BDBF5500DC8CEB /* Build configuration list for PBXNativeTarget "NearBy" */ = {
			isa = XCConfigurationList;
			buildConfigurations = (
				1E109BA729BDBF5500DC8CEB /* Debug */,
				1E109BA829BDBF5500DC8CEB /* Release */,
			);
			defaultConfigurationIsVisible = 0;
			defaultConfigurationName = Release;
		};
/* End XCConfigurationList section */
	};
	rootObject = 1E109B8A29BDBF5300DC8CEB /* Project object */;
}
